
Microsoft Visual Studio Solution File, Format Version 12.00
# Visual Studio 14
VisualStudioVersion = 14.0.25420.1
MinimumVisualStudioVersion = 10.0.40219.1
Project("{8BC9CEB8-8B4A-11D0-8D11-00A0C91BC942}") = "zsLib", "..\..\..\xplatform\zsLib\projects\msvs\zsLib.Universal\zsLib.vcxproj", "{55555C53-504F-4237-ABC0-B2F59558A0E9}"
EndProject
Project("{8BC9CEB8-8B4A-11D0-8D11-00A0C91BC942}") = "udns", "..\..\..\xplatform\udns\projects\msvs\udns.Universal\udns.vcxproj", "{6C13DFE2-3AA7-40B9-919C-5E95E47FC321}"
EndProject
Project("{8BC9CEB8-8B4A-11D0-8D11-00A0C91BC942}") = "idnkit", "..\..\..\xplatform\idnkit\projects\msvc\idnkit.Universal\idnkit.vcxproj", "{B236BF5A-561D-4720-BABF-F6119ADF5793}"
EndProject
Project("{8BC9CEB8-8B4A-11D0-8D11-00A0C91BC942}") = "cryptopp", "..\..\..\xplatform\cryptopp\projects\msvs\cryptopp.Universal\cryptopp.vcxproj", "{CC14FFE5-0018-4D8D-BC2C-C93477CE081C}"
EndProject
Project("{8BC9CEB8-8B4A-11D0-8D11-00A0C91BC942}") = "ortclib.services", "..\..\..\xplatform\ortclib-services-cpp\projects\msvs\ortclib.services.Universal\ortclib.services.vcxproj", "{CC03FBA3-9028-47AD-B931-13B12DB368F8}"
EndProject
Project("{8BC9CEB8-8B4A-11D0-8D11-00A0C91BC942}") = "ortclib", "..\..\..\xplatform\ortclib-cpp\projects\msvs\ortclib.Universal\ortclib.vcxproj", "{83E6CC72-EBC5-4C0C-B6A6-2D67A3C1E8A9}"
EndProject
Project("{8BC9CEB8-8B4A-11D0-8D11-00A0C91BC942}") = "org.ortc", "org.ortc.Universal\org.ortc.vcxproj", "{648DAEEE-B5C3-4FC9-B016-418E1DB2BEE5}"
	ProjectSection(ProjectDependencies) = postProject
		{55555C53-504F-4237-ABC0-B2F59558A0E9} = {55555C53-504F-4237-ABC0-B2F59558A0E9}
		{B236BF5A-561D-4720-BABF-F6119ADF5793} = {B236BF5A-561D-4720-BABF-F6119ADF5793}
		{83E6CC72-EBC5-4C0C-B6A6-2D67A3C1E8A9} = {83E6CC72-EBC5-4C0C-B6A6-2D67A3C1E8A9}
		{CC03FBA3-9028-47AD-B931-13B12DB368F8} = {CC03FBA3-9028-47AD-B931-13B12DB368F8}
		{6C13DFE2-3AA7-40B9-919C-5E95E47FC321} = {6C13DFE2-3AA7-40B9-919C-5E95E47FC321}
		{CC14FFE5-0018-4D8D-BC2C-C93477CE081C} = {CC14FFE5-0018-4D8D-BC2C-C93477CE081C}
	EndProjectSection
EndProject
Project("{FAE04EC0-301F-11D3-BF4B-00C04F79EFBC}") = "org.ortc.Test", "..\..\samples\org.ortc.Test\org.ortc.Test.csproj", "{DE0AE033-8C44-495D-B5EB-5CACF6B33DED}"
	ProjectSection(ProjectDependencies) = postProject
		{648DAEEE-B5C3-4FC9-B016-418E1DB2BEE5} = {648DAEEE-B5C3-4FC9-B016-418E1DB2BEE5}
	EndProjectSection
EndProject
Global
	GlobalSection(SolutionConfigurationPlatforms) = preSolution
		Debug|ARM = Debug|ARM
		Debug|x64 = Debug|x64
		Debug|x86 = Debug|x86
		Release|ARM = Release|ARM
		Release|x64 = Release|x64
		Release|x86 = Release|x86
	EndGlobalSection
	GlobalSection(ProjectConfigurationPlatforms) = postSolution
		{55555C53-504F-4237-ABC0-B2F59558A0E9}.Debug|ARM.ActiveCfg = Debug|ARM
		{55555C53-504F-4237-ABC0-B2F59558A0E9}.Debug|ARM.Build.0 = Debug|ARM
		{55555C53-504F-4237-ABC0-B2F59558A0E9}.Debug|x64.ActiveCfg = Debug|x64
		{55555C53-504F-4237-ABC0-B2F59558A0E9}.Debug|x64.Build.0 = Debug|x64
		{55555C53-504F-4237-ABC0-B2F59558A0E9}.Debug|x86.ActiveCfg = Debug|Win32
		{55555C53-504F-4237-ABC0-B2F59558A0E9}.Debug|x86.Build.0 = Debug|Win32
		{55555C53-504F-4237-ABC0-B2F59558A0E9}.Release|ARM.ActiveCfg = Release|ARM
		{55555C53-504F-4237-ABC0-B2F59558A0E9}.Release|ARM.Build.0 = Release|ARM
		{55555C53-504F-4237-ABC0-B2F59558A0E9}.Release|x64.ActiveCfg = Release|x64
		{55555C53-504F-4237-ABC0-B2F59558A0E9}.Release|x64.Build.0 = Release|x64
		{55555C53-504F-4237-ABC0-B2F59558A0E9}.Release|x86.ActiveCfg = Release|Win32
		{55555C53-504F-4237-ABC0-B2F59558A0E9}.Release|x86.Build.0 = Release|Win32
		{6C13DFE2-3AA7-40B9-919C-5E95E47FC321}.Debug|ARM.ActiveCfg = Debug|ARM
		{6C13DFE2-3AA7-40B9-919C-5E95E47FC321}.Debug|ARM.Build.0 = Debug|ARM
		{6C13DFE2-3AA7-40B9-919C-5E95E47FC321}.Debug|x64.ActiveCfg = Debug|x64
		{6C13DFE2-3AA7-40B9-919C-5E95E47FC321}.Debug|x64.Build.0 = Debug|x64
		{6C13DFE2-3AA7-40B9-919C-5E95E47FC321}.Debug|x86.ActiveCfg = Debug|Win32
		{6C13DFE2-3AA7-40B9-919C-5E95E47FC321}.Debug|x86.Build.0 = Debug|Win32
		{6C13DFE2-3AA7-40B9-919C-5E95E47FC321}.Release|ARM.ActiveCfg = Release|ARM
		{6C13DFE2-3AA7-40B9-919C-5E95E47FC321}.Release|ARM.Build.0 = Release|ARM
		{6C13DFE2-3AA7-40B9-919C-5E95E47FC321}.Release|x64.ActiveCfg = Release|x64
		{6C13DFE2-3AA7-40B9-919C-5E95E47FC321}.Release|x64.Build.0 = Release|x64
		{6C13DFE2-3AA7-40B9-919C-5E95E47FC321}.Release|x86.ActiveCfg = Release|Win32
		{6C13DFE2-3AA7-40B9-919C-5E95E47FC321}.Release|x86.Build.0 = Release|Win32
		{B236BF5A-561D-4720-BABF-F6119ADF5793}.Debug|ARM.ActiveCfg = Debug|ARM
		{B236BF5A-561D-4720-BABF-F6119ADF5793}.Debug|ARM.Build.0 = Debug|ARM
		{B236BF5A-561D-4720-BABF-F6119ADF5793}.Debug|x64.ActiveCfg = Debug|x64
		{B236BF5A-561D-4720-BABF-F6119ADF5793}.Debug|x64.Build.0 = Debug|x64
		{B236BF5A-561D-4720-BABF-F6119ADF5793}.Debug|x86.ActiveCfg = Debug|Win32
		{B236BF5A-561D-4720-BABF-F6119ADF5793}.Debug|x86.Build.0 = Debug|Win32
		{B236BF5A-561D-4720-BABF-F6119ADF5793}.Release|ARM.ActiveCfg = Release|ARM
		{B236BF5A-561D-4720-BABF-F6119ADF5793}.Release|ARM.Build.0 = Release|ARM
		{B236BF5A-561D-4720-BABF-F6119ADF5793}.Release|x64.ActiveCfg = Release|x64
		{B236BF5A-561D-4720-BABF-F6119ADF5793}.Release|x64.Build.0 = Release|x64
		{B236BF5A-561D-4720-BABF-F6119ADF5793}.Release|x86.ActiveCfg = Release|Win32
		{B236BF5A-561D-4720-BABF-F6119ADF5793}.Release|x86.Build.0 = Release|Win32
		{CC14FFE5-0018-4D8D-BC2C-C93477CE081C}.Debug|ARM.ActiveCfg = Debug|ARM
		{CC14FFE5-0018-4D8D-BC2C-C93477CE081C}.Debug|ARM.Build.0 = Debug|ARM
		{CC14FFE5-0018-4D8D-BC2C-C93477CE081C}.Debug|x64.ActiveCfg = Debug|x64
		{CC14FFE5-0018-4D8D-BC2C-C93477CE081C}.Debug|x64.Build.0 = Debug|x64
		{CC14FFE5-0018-4D8D-BC2C-C93477CE081C}.Debug|x86.ActiveCfg = Debug|Win32
		{CC14FFE5-0018-4D8D-BC2C-C93477CE081C}.Debug|x86.Build.0 = Debug|Win32
		{CC14FFE5-0018-4D8D-BC2C-C93477CE081C}.Release|ARM.ActiveCfg = Release|ARM
		{CC14FFE5-0018-4D8D-BC2C-C93477CE081C}.Release|ARM.Build.0 = Release|ARM
		{CC14FFE5-0018-4D8D-BC2C-C93477CE081C}.Release|x64.ActiveCfg = Release|x64
		{CC14FFE5-0018-4D8D-BC2C-C93477CE081C}.Release|x64.Build.0 = Release|x64
		{CC14FFE5-0018-4D8D-BC2C-C93477CE081C}.Release|x86.ActiveCfg = Release|Win32
		{CC14FFE5-0018-4D8D-BC2C-C93477CE081C}.Release|x86.Build.0 = Release|Win32
		{CC03FBA3-9028-47AD-B931-13B12DB368F8}.Debug|ARM.ActiveCfg = Debug|ARM
		{CC03FBA3-9028-47AD-B931-13B12DB368F8}.Debug|ARM.Build.0 = Debug|ARM
		{CC03FBA3-9028-47AD-B931-13B12DB368F8}.Debug|x64.ActiveCfg = Debug|x64
		{CC03FBA3-9028-47AD-B931-13B12DB368F8}.Debug|x64.Build.0 = Debug|x64
		{CC03FBA3-9028-47AD-B931-13B12DB368F8}.Debug|x86.ActiveCfg = Debug|Win32
		{CC03FBA3-9028-47AD-B931-13B12DB368F8}.Debug|x86.Build.0 = Debug|Win32
		{CC03FBA3-9028-47AD-B931-13B12DB368F8}.Release|ARM.ActiveCfg = Release|ARM
		{CC03FBA3-9028-47AD-B931-13B12DB368F8}.Release|ARM.Build.0 = Release|ARM
		{CC03FBA3-9028-47AD-B931-13B12DB368F8}.Release|x64.ActiveCfg = Release|x64
		{CC03FBA3-9028-47AD-B931-13B12DB368F8}.Release|x64.Build.0 = Release|x64
		{CC03FBA3-9028-47AD-B931-13B12DB368F8}.Release|x86.ActiveCfg = Release|Win32
		{CC03FBA3-9028-47AD-B931-13B12DB368F8}.Release|x86.Build.0 = Release|Win32
		{83E6CC72-EBC5-4C0C-B6A6-2D67A3C1E8A9}.Debug|ARM.ActiveCfg = Debug|ARM
		{83E6CC72-EBC5-4C0C-B6A6-2D67A3C1E8A9}.Debug|ARM.Build.0 = Debug|ARM
		{83E6CC72-EBC5-4C0C-B6A6-2D67A3C1E8A9}.Debug|x64.ActiveCfg = Debug|x64
		{83E6CC72-EBC5-4C0C-B6A6-2D67A3C1E8A9}.Debug|x64.Build.0 = Debug|x64
		{83E6CC72-EBC5-4C0C-B6A6-2D67A3C1E8A9}.Debug|x86.ActiveCfg = Debug|Win32
		{83E6CC72-EBC5-4C0C-B6A6-2D67A3C1E8A9}.Debug|x86.Build.0 = Debug|Win32
		{83E6CC72-EBC5-4C0C-B6A6-2D67A3C1E8A9}.Release|ARM.ActiveCfg = Release|ARM
		{83E6CC72-EBC5-4C0C-B6A6-2D67A3C1E8A9}.Release|ARM.Build.0 = Release|ARM
		{83E6CC72-EBC5-4C0C-B6A6-2D67A3C1E8A9}.Release|x64.ActiveCfg = Release|x64
		{83E6CC72-EBC5-4C0C-B6A6-2D67A3C1E8A9}.Release|x64.Build.0 = Release|x64
		{83E6CC72-EBC5-4C0C-B6A6-2D67A3C1E8A9}.Release|x86.ActiveCfg = Release|Win32
		{83E6CC72-EBC5-4C0C-B6A6-2D67A3C1E8A9}.Release|x86.Build.0 = Release|Win32
		{648DAEEE-B5C3-4FC9-B016-418E1DB2BEE5}.Debug|ARM.ActiveCfg = Debug|ARM
		{648DAEEE-B5C3-4FC9-B016-418E1DB2BEE5}.Debug|ARM.Build.0 = Debug|ARM
		{648DAEEE-B5C3-4FC9-B016-418E1DB2BEE5}.Debug|x64.ActiveCfg = Debug|x64
		{648DAEEE-B5C3-4FC9-B016-418E1DB2BEE5}.Debug|x64.Build.0 = Debug|x64
		{648DAEEE-B5C3-4FC9-B016-418E1DB2BEE5}.Debug|x86.ActiveCfg = Debug|Win32
		{648DAEEE-B5C3-4FC9-B016-418E1DB2BEE5}.Debug|x86.Build.0 = Debug|Win32
		{648DAEEE-B5C3-4FC9-B016-418E1DB2BEE5}.Release|ARM.ActiveCfg = Release|ARM
		{648DAEEE-B5C3-4FC9-B016-418E1DB2BEE5}.Release|ARM.Build.0 = Release|ARM
		{648DAEEE-B5C3-4FC9-B016-418E1DB2BEE5}.Release|x64.ActiveCfg = Release|x64
		{648DAEEE-B5C3-4FC9-B016-418E1DB2BEE5}.Release|x64.Build.0 = Release|x64
		{648DAEEE-B5C3-4FC9-B016-418E1DB2BEE5}.Release|x86.ActiveCfg = Release|Win32
		{648DAEEE-B5C3-4FC9-B016-418E1DB2BEE5}.Release|x86.Build.0 = Release|Win32
		{DE0AE033-8C44-495D-B5EB-5CACF6B33DED}.Debug|ARM.ActiveCfg = Debug|ARM
		{DE0AE033-8C44-495D-B5EB-5CACF6B33DED}.Debug|ARM.Build.0 = Debug|ARM
		{DE0AE033-8C44-495D-B5EB-5CACF6B33DED}.Debug|ARM.Deploy.0 = Debug|ARM
		{DE0AE033-8C44-495D-B5EB-5CACF6B33DED}.Debug|x64.ActiveCfg = Debug|x64
		{DE0AE033-8C44-495D-B5EB-5CACF6B33DED}.Debug|x64.Build.0 = Debug|x64
		{DE0AE033-8C44-495D-B5EB-5CACF6B33DED}.Debug|x64.Deploy.0 = Debug|x64
		{DE0AE033-8C44-495D-B5EB-5CACF6B33DED}.Debug|x86.ActiveCfg = Debug|x86
		{DE0AE033-8C44-495D-B5EB-5CACF6B33DED}.Debug|x86.Build.0 = Debug|x86
		{DE0AE033-8C44-495D-B5EB-5CACF6B33DED}.Debug|x86.Deploy.0 = Debug|x86
		{DE0AE033-8C44-495D-B5EB-5CACF6B33DED}.Release|ARM.ActiveCfg = Release|ARM
		{DE0AE033-8C44-495D-B5EB-5CACF6B33DED}.Release|ARM.Build.0 = Release|ARM
		{DE0AE033-8C44-495D-B5EB-5CACF6B33DED}.Release|ARM.Deploy.0 = Release|ARM
		{DE0AE033-8C44-495D-B5EB-5CACF6B33DED}.Release|x64.ActiveCfg = Release|x64
		{DE0AE033-8C44-495D-B5EB-5CACF6B33DED}.Release|x64.Build.0 = Release|x64
		{DE0AE033-8C44-495D-B5EB-5CACF6B33DED}.Release|x64.Deploy.0 = Release|x64
		{DE0AE033-8C44-495D-B5EB-5CACF6B33DED}.Release|x86.ActiveCfg = Release|x86
		{DE0AE033-8C44-495D-B5EB-5CACF6B33DED}.Release|x86.Build.0 = Release|x86
		{DE0AE033-8C44-495D-B5EB-5CACF6B33DED}.Release|x86.Deploy.0 = Release|x86
	EndGlobalSection
	GlobalSection(SolutionProperties) = preSolution
		HideSolutionNode = FALSE
	EndGlobalSection
EndGlobal
