<?xml version="1.0" encoding="utf-8"?>
<Project ToolsVersion="4.0" xmlns="http://schemas.microsoft.com/developer/msbuild/2003">
  <ItemGroup>
    <ClCompile Include="pch.cpp" />
    <ClCompile Include="Generated Files\module.g.cpp" />
    <ClCompile Include="..\..\..\..\xplatform\ortclib-cpp\ortc\idl\wrapper\generated\cppwinrt\Adapter.MediaStream.cpp">
      <Filter>wrapper\generated\cppwinrt</Filter>
    </ClCompile>
    <ClCompile Include="..\..\..\..\xplatform\ortclib-cpp\ortc\idl\wrapper\generated\cppwinrt\Adapter.RTCAnswerOptions.cpp">
      <Filter>wrapper\generated\cppwinrt</Filter>
    </ClCompile>
    <ClCompile Include="..\..\..\..\xplatform\ortclib-cpp\ortc\idl\wrapper\generated\cppwinrt\Adapter.RTCCapabilityOptions.cpp">
      <Filter>wrapper\generated\cppwinrt</Filter>
    </ClCompile>
    <ClCompile Include="..\..\..\..\xplatform\ortclib-cpp\ortc\idl\wrapper\generated\cppwinrt\Adapter.RTCConfiguration.cpp">
      <Filter>wrapper\generated\cppwinrt</Filter>
    </ClCompile>
    <ClCompile Include="..\..\..\..\xplatform\ortclib-cpp\ortc\idl\wrapper\generated\cppwinrt\Adapter.RTCIceCandidate.cpp">
      <Filter>wrapper\generated\cppwinrt</Filter>
    </ClCompile>
    <ClCompile Include="..\..\..\..\xplatform\ortclib-cpp\ortc\idl\wrapper\generated\cppwinrt\Adapter.RTCMediaStreamTrackConfiguration.cpp">
      <Filter>wrapper\generated\cppwinrt</Filter>
    </ClCompile>
    <ClCompile Include="..\..\..\..\xplatform\ortclib-cpp\ortc\idl\wrapper\generated\cppwinrt\Adapter.RTCOfferAnswerOptions.cpp">
      <Filter>wrapper\generated\cppwinrt</Filter>
    </ClCompile>
    <ClCompile Include="..\..\..\..\xplatform\ortclib-cpp\ortc\idl\wrapper\generated\cppwinrt\Adapter.RTCOfferOptions.cpp">
      <Filter>wrapper\generated\cppwinrt</Filter>
    </ClCompile>
    <ClCompile Include="..\..\..\..\xplatform\ortclib-cpp\ortc\idl\wrapper\generated\cppwinrt\Adapter.RTCPeerConnection.cpp">
      <Filter>wrapper\generated\cppwinrt</Filter>
    </ClCompile>
    <ClCompile Include="..\..\..\..\xplatform\ortclib-cpp\ortc\idl\wrapper\generated\cppwinrt\Adapter.RTCPeerConnectionIceErrorEvent.cpp">
      <Filter>wrapper\generated\cppwinrt</Filter>
    </ClCompile>
    <ClCompile Include="..\..\..\..\xplatform\ortclib-cpp\ortc\idl\wrapper\generated\cppwinrt\Adapter.RTCPeerConnectionIceEvent.cpp">
      <Filter>wrapper\generated\cppwinrt</Filter>
    </ClCompile>
    <ClCompile Include="..\..\..\..\xplatform\ortclib-cpp\ortc\idl\wrapper\generated\cppwinrt\Adapter.RTCSessionDescription.cpp">
      <Filter>wrapper\generated\cppwinrt</Filter>
    </ClCompile>
    <ClCompile Include="..\..\..\..\xplatform\ortclib-cpp\ortc\idl\wrapper\generated\cppwinrt\Adapter.RTCSessionDescriptionConnectionData.cpp">
      <Filter>wrapper\generated\cppwinrt</Filter>
    </ClCompile>
    <ClCompile Include="..\..\..\..\xplatform\ortclib-cpp\ortc\idl\wrapper\generated\cppwinrt\Adapter.RTCSessionDescriptionConnectionDataDetails.cpp">
      <Filter>wrapper\generated\cppwinrt</Filter>
    </ClCompile>
    <ClCompile Include="..\..\..\..\xplatform\ortclib-cpp\ortc\idl\wrapper\generated\cppwinrt\Adapter.RTCSessionDescriptionDescription.cpp">
      <Filter>wrapper\generated\cppwinrt</Filter>
    </ClCompile>
    <ClCompile Include="..\..\..\..\xplatform\ortclib-cpp\ortc\idl\wrapper\generated\cppwinrt\Adapter.RTCSessionDescriptionDescriptionDetails.cpp">
      <Filter>wrapper\generated\cppwinrt</Filter>
    </ClCompile>
    <ClCompile Include="..\..\..\..\xplatform\ortclib-cpp\ortc\idl\wrapper\generated\cppwinrt\Adapter.RTCSessionDescriptionMediaLine.cpp">
      <Filter>wrapper\generated\cppwinrt</Filter>
    </ClCompile>
    <ClCompile Include="..\..\..\..\xplatform\ortclib-cpp\ortc\idl\wrapper\generated\cppwinrt\Adapter.RTCSessionDescriptionMediaLineDetails.cpp">
      <Filter>wrapper\generated\cppwinrt</Filter>
    </ClCompile>
    <ClCompile Include="..\..\..\..\xplatform\ortclib-cpp\ortc\idl\wrapper\generated\cppwinrt\Adapter.RTCSessionDescriptionRtpMediaLine.cpp">
      <Filter>wrapper\generated\cppwinrt</Filter>
    </ClCompile>
    <ClCompile Include="..\..\..\..\xplatform\ortclib-cpp\ortc\idl\wrapper\generated\cppwinrt\Adapter.RTCSessionDescriptionRtpSender.cpp">
      <Filter>wrapper\generated\cppwinrt</Filter>
    </ClCompile>
    <ClCompile Include="..\..\..\..\xplatform\ortclib-cpp\ortc\idl\wrapper\generated\cppwinrt\Adapter.RTCSessionDescriptionRtpSenderDetails.cpp">
      <Filter>wrapper\generated\cppwinrt</Filter>
    </ClCompile>
    <ClCompile Include="..\..\..\..\xplatform\ortclib-cpp\ortc\idl\wrapper\generated\cppwinrt\Adapter.RTCSessionDescriptionSctpMediaLine.cpp">
      <Filter>wrapper\generated\cppwinrt</Filter>
    </ClCompile>
    <ClCompile Include="..\..\..\..\xplatform\ortclib-cpp\ortc\idl\wrapper\generated\cppwinrt\Adapter.RTCSessionDescriptionTransport.cpp">
      <Filter>wrapper\generated\cppwinrt</Filter>
    </ClCompile>
    <ClCompile Include="..\..\..\..\xplatform\ortclib-cpp\ortc\idl\wrapper\generated\cppwinrt\Adapter.RTCSessionDescriptionTransportParameters.cpp">
      <Filter>wrapper\generated\cppwinrt</Filter>
    </ClCompile>
    <ClCompile Include="..\..\..\..\xplatform\ortclib-cpp\ortc\idl\wrapper\generated\cppwinrt\Adapter.RTCTrackEvent.cpp">
      <Filter>wrapper\generated\cppwinrt</Filter>
    </ClCompile>
    <ClCompile Include="..\..\..\..\xplatform\ortclib-cpp\ortc\idl\wrapper\generated\cppwinrt\ConstrainBoolean.cpp">
      <Filter>wrapper\generated\cppwinrt</Filter>
    </ClCompile>
    <ClCompile Include="..\..\..\..\xplatform\ortclib-cpp\ortc\idl\wrapper\generated\cppwinrt\ConstrainBooleanParameters.cpp">
      <Filter>wrapper\generated\cppwinrt</Filter>
    </ClCompile>
    <ClCompile Include="..\..\..\..\xplatform\ortclib-cpp\ortc\idl\wrapper\generated\cppwinrt\ConstrainDouble.cpp">
      <Filter>wrapper\generated\cppwinrt</Filter>
    </ClCompile>
    <ClCompile Include="..\..\..\..\xplatform\ortclib-cpp\ortc\idl\wrapper\generated\cppwinrt\ConstrainDoubleRange.cpp">
      <Filter>wrapper\generated\cppwinrt</Filter>
    </ClCompile>
    <ClCompile Include="..\..\..\..\xplatform\ortclib-cpp\ortc\idl\wrapper\generated\cppwinrt\ConstrainLong.cpp">
      <Filter>wrapper\generated\cppwinrt</Filter>
    </ClCompile>
    <ClCompile Include="..\..\..\..\xplatform\ortclib-cpp\ortc\idl\wrapper\generated\cppwinrt\ConstrainLongRange.cpp">
      <Filter>wrapper\generated\cppwinrt</Filter>
    </ClCompile>
    <ClCompile Include="..\..\..\..\xplatform\ortclib-cpp\ortc\idl\wrapper\generated\cppwinrt\ConstrainString.cpp">
      <Filter>wrapper\generated\cppwinrt</Filter>
    </ClCompile>
    <ClCompile Include="..\..\..\..\xplatform\ortclib-cpp\ortc\idl\wrapper\generated\cppwinrt\ConstrainStringParameters.cpp">
      <Filter>wrapper\generated\cppwinrt</Filter>
    </ClCompile>
    <ClCompile Include="..\..\..\..\xplatform\ortclib-cpp\ortc\idl\wrapper\generated\cppwinrt\cppwinrt_Helpers.cpp">
      <Filter>wrapper\generated\cppwinrt</Filter>
    </ClCompile>
    <ClCompile Include="..\..\..\..\xplatform\ortclib-cpp\ortc\idl\wrapper\generated\cppwinrt\cppwinrt_Helpers2.cpp">
      <Filter>wrapper\generated\cppwinrt</Filter>
    </ClCompile>
    <ClCompile Include="..\..\..\..\xplatform\ortclib-cpp\ortc\idl\wrapper\generated\cppwinrt\cppwinrt_Helpers3.cpp">
      <Filter>wrapper\generated\cppwinrt</Filter>
    </ClCompile>
    <ClCompile Include="..\..\..\..\xplatform\ortclib-cpp\ortc\idl\wrapper\generated\cppwinrt\cppwinrt_Helpers4.cpp">
      <Filter>wrapper\generated\cppwinrt</Filter>
    </ClCompile>
    <ClCompile Include="..\..\..\..\xplatform\ortclib-cpp\ortc\idl\wrapper\generated\cppwinrt\cppwinrt_Helpers5.cpp">
      <Filter>wrapper\generated\cppwinrt</Filter>
    </ClCompile>
    <ClCompile Include="..\..\..\..\xplatform\ortclib-cpp\ortc\idl\wrapper\generated\cppwinrt\cppwinrt_Helpers6.cpp">
      <Filter>wrapper\generated\cppwinrt</Filter>
    </ClCompile>
    <ClCompile Include="..\..\..\..\xplatform\ortclib-cpp\ortc\idl\wrapper\generated\cppwinrt\cppwinrt_Helpers7.cpp">
      <Filter>wrapper\generated\cppwinrt</Filter>
    </ClCompile>
    <ClCompile Include="..\..\..\..\xplatform\ortclib-cpp\ortc\idl\wrapper\generated\cppwinrt\cppwinrt_Helpers8.cpp">
      <Filter>wrapper\generated\cppwinrt</Filter>
    </ClCompile>
    <ClCompile Include="..\..\..\..\xplatform\ortclib-cpp\ortc\idl\wrapper\generated\cppwinrt\cppwinrt_Helpers9.cpp">
      <Filter>wrapper\generated\cppwinrt</Filter>
    </ClCompile>
    <ClCompile Include="..\..\..\..\xplatform\ortclib-cpp\ortc\idl\wrapper\generated\cppwinrt\DoubleRange.cpp">
      <Filter>wrapper\generated\cppwinrt</Filter>
    </ClCompile>
    <ClCompile Include="..\..\..\..\xplatform\ortclib-cpp\ortc\idl\wrapper\generated\cppwinrt\Error.cpp">
      <Filter>wrapper\generated\cppwinrt</Filter>
    </ClCompile>
    <ClCompile Include="..\..\..\..\xplatform\ortclib-cpp\ortc\idl\wrapper\generated\cppwinrt\ErrorEvent.cpp">
      <Filter>wrapper\generated\cppwinrt</Filter>
    </ClCompile>
    <ClCompile Include="..\..\..\..\xplatform\ortclib-cpp\ortc\idl\wrapper\generated\cppwinrt\EventQueue.cpp">
      <Filter>wrapper\generated\cppwinrt</Filter>
    </ClCompile>
    <ClCompile Include="..\..\..\..\xplatform\ortclib-cpp\ortc\idl\wrapper\generated\cppwinrt\EventQueueMaker.cpp">
      <Filter>wrapper\generated\cppwinrt</Filter>
    </ClCompile>
    <ClCompile Include="..\..\..\..\xplatform\ortclib-cpp\ortc\idl\wrapper\generated\cppwinrt\Json.cpp">
      <Filter>wrapper\generated\cppwinrt</Filter>
    </ClCompile>
    <ClCompile Include="..\..\..\..\xplatform\ortclib-cpp\ortc\idl\wrapper\generated\cppwinrt\Logger.cpp">
      <Filter>wrapper\generated\cppwinrt</Filter>
    </ClCompile>
    <ClCompile Include="..\..\..\..\xplatform\ortclib-cpp\ortc\idl\wrapper\generated\cppwinrt\LongRange.cpp">
      <Filter>wrapper\generated\cppwinrt</Filter>
    </ClCompile>
    <ClCompile Include="..\..\..\..\xplatform\ortclib-cpp\ortc\idl\wrapper\generated\cppwinrt\MediaControl.cpp">
      <Filter>wrapper\generated\cppwinrt</Filter>
    </ClCompile>
    <ClCompile Include="..\..\..\..\xplatform\ortclib-cpp\ortc\idl\wrapper\generated\cppwinrt\MediaDeviceInfo.cpp">
      <Filter>wrapper\generated\cppwinrt</Filter>
    </ClCompile>
    <ClCompile Include="..\..\..\..\xplatform\ortclib-cpp\ortc\idl\wrapper\generated\cppwinrt\MediaDevices.cpp">
      <Filter>wrapper\generated\cppwinrt</Filter>
    </ClCompile>
    <ClCompile Include="..\..\..\..\xplatform\ortclib-cpp\ortc\idl\wrapper\generated\cppwinrt\MediaSource.cpp">
      <Filter>wrapper\generated\cppwinrt</Filter>
    </ClCompile>
    <ClCompile Include="..\..\..\..\xplatform\ortclib-cpp\ortc\idl\wrapper\generated\cppwinrt\MediaStreamConstraints.cpp">
      <Filter>wrapper\generated\cppwinrt</Filter>
    </ClCompile>
    <ClCompile Include="..\..\..\..\xplatform\ortclib-cpp\ortc\idl\wrapper\generated\cppwinrt\MediaStreamTrack.cpp">
      <Filter>wrapper\generated\cppwinrt</Filter>
    </ClCompile>
    <ClCompile Include="..\..\..\..\xplatform\ortclib-cpp\ortc\idl\wrapper\generated\cppwinrt\MediaTrackCapabilities.cpp">
      <Filter>wrapper\generated\cppwinrt</Filter>
    </ClCompile>
    <ClCompile Include="..\..\..\..\xplatform\ortclib-cpp\ortc\idl\wrapper\generated\cppwinrt\MediaTrackConstraints.cpp">
      <Filter>wrapper\generated\cppwinrt</Filter>
    </ClCompile>
    <ClCompile Include="..\..\..\..\xplatform\ortclib-cpp\ortc\idl\wrapper\generated\cppwinrt\MediaTrackConstraintSet.cpp">
      <Filter>wrapper\generated\cppwinrt</Filter>
    </ClCompile>
    <ClCompile Include="..\..\..\..\xplatform\ortclib-cpp\ortc\idl\wrapper\generated\cppwinrt\MediaTrackSettings.cpp">
      <Filter>wrapper\generated\cppwinrt</Filter>
    </ClCompile>
    <ClCompile Include="..\..\..\..\xplatform\ortclib-cpp\ortc\idl\wrapper\generated\cppwinrt\MediaTrackSupportedConstraints.cpp">
      <Filter>wrapper\generated\cppwinrt</Filter>
    </ClCompile>
    <ClCompile Include="..\..\..\..\xplatform\ortclib-cpp\ortc\idl\wrapper\generated\cppwinrt\OrtcLib.cpp">
      <Filter>wrapper\generated\cppwinrt</Filter>
    </ClCompile>
    <ClCompile Include="..\..\..\..\xplatform\ortclib-cpp\ortc\idl\wrapper\generated\cppwinrt\OverconstrainedError.cpp">
      <Filter>wrapper\generated\cppwinrt</Filter>
    </ClCompile>
    <ClCompile Include="..\..\..\..\xplatform\ortclib-cpp\ortc\idl\wrapper\generated\cppwinrt\OverconstrainedErrorEvent.cpp">
      <Filter>wrapper\generated\cppwinrt</Filter>
    </ClCompile>
    <ClCompile Include="..\..\..\..\xplatform\ortclib-cpp\ortc\idl\wrapper\generated\cppwinrt\RTCCertificate.cpp">
      <Filter>wrapper\generated\cppwinrt</Filter>
    </ClCompile>
    <ClCompile Include="..\..\..\..\xplatform\ortclib-cpp\ortc\idl\wrapper\generated\cppwinrt\RTCCertificateStats.cpp">
      <Filter>wrapper\generated\cppwinrt</Filter>
    </ClCompile>
    <ClCompile Include="..\..\..\..\xplatform\ortclib-cpp\ortc\idl\wrapper\generated\cppwinrt\RTCCodec.cpp">
      <Filter>wrapper\generated\cppwinrt</Filter>
    </ClCompile>
    <ClCompile Include="..\..\..\..\xplatform\ortclib-cpp\ortc\idl\wrapper\generated\cppwinrt\RTCDataChannel.cpp">
      <Filter>wrapper\generated\cppwinrt</Filter>
    </ClCompile>
    <ClCompile Include="..\..\..\..\xplatform\ortclib-cpp\ortc\idl\wrapper\generated\cppwinrt\RTCDataChannelEvent.cpp">
      <Filter>wrapper\generated\cppwinrt</Filter>
    </ClCompile>
    <ClCompile Include="..\..\..\..\xplatform\ortclib-cpp\ortc\idl\wrapper\generated\cppwinrt\RTCDataChannelParameters.cpp">
      <Filter>wrapper\generated\cppwinrt</Filter>
    </ClCompile>
    <ClCompile Include="..\..\..\..\xplatform\ortclib-cpp\ortc\idl\wrapper\generated\cppwinrt\RTCDataChannelStateChangeEvent.cpp">
      <Filter>wrapper\generated\cppwinrt</Filter>
    </ClCompile>
    <ClCompile Include="..\..\..\..\xplatform\ortclib-cpp\ortc\idl\wrapper\generated\cppwinrt\RTCDataChannelStats.cpp">
      <Filter>wrapper\generated\cppwinrt</Filter>
    </ClCompile>
    <ClCompile Include="..\..\..\..\xplatform\ortclib-cpp\ortc\idl\wrapper\generated\cppwinrt\RTCDataTransport.cpp">
      <Filter>wrapper\generated\cppwinrt</Filter>
    </ClCompile>
    <ClCompile Include="..\..\..\..\xplatform\ortclib-cpp\ortc\idl\wrapper\generated\cppwinrt\RTCDtlsCertificateBinary.cpp">
      <Filter>wrapper\generated\cppwinrt</Filter>
    </ClCompile>
    <ClCompile Include="..\..\..\..\xplatform\ortclib-cpp\ortc\idl\wrapper\generated\cppwinrt\RTCDtlsFingerprint.cpp">
      <Filter>wrapper\generated\cppwinrt</Filter>
    </ClCompile>
    <ClCompile Include="..\..\..\..\xplatform\ortclib-cpp\ortc\idl\wrapper\generated\cppwinrt\RTCDtlsParameters.cpp">
      <Filter>wrapper\generated\cppwinrt</Filter>
    </ClCompile>
    <ClCompile Include="..\..\..\..\xplatform\ortclib-cpp\ortc\idl\wrapper\generated\cppwinrt\RTCDtlsTransport.cpp">
      <Filter>wrapper\generated\cppwinrt</Filter>
    </ClCompile>
    <ClCompile Include="..\..\..\..\xplatform\ortclib-cpp\ortc\idl\wrapper\generated\cppwinrt\RTCDtlsTransportStateChangeEvent.cpp">
      <Filter>wrapper\generated\cppwinrt</Filter>
    </ClCompile>
    <ClCompile Include="..\..\..\..\xplatform\ortclib-cpp\ortc\idl\wrapper\generated\cppwinrt\RTCDtlsTransportStats.cpp">
      <Filter>wrapper\generated\cppwinrt</Filter>
    </ClCompile>
    <ClCompile Include="..\..\..\..\xplatform\ortclib-cpp\ortc\idl\wrapper\generated\cppwinrt\RTCDtmfSender.cpp">
      <Filter>wrapper\generated\cppwinrt</Filter>
    </ClCompile>
    <ClCompile Include="..\..\..\..\xplatform\ortclib-cpp\ortc\idl\wrapper\generated\cppwinrt\RTCDtmfToneChangeEvent.cpp">
      <Filter>wrapper\generated\cppwinrt</Filter>
    </ClCompile>
    <ClCompile Include="..\..\..\..\xplatform\ortclib-cpp\ortc\idl\wrapper\generated\cppwinrt\RTCIceCandidate.cpp">
      <Filter>wrapper\generated\cppwinrt</Filter>
    </ClCompile>
    <ClCompile Include="..\..\..\..\xplatform\ortclib-cpp\ortc\idl\wrapper\generated\cppwinrt\RTCIceCandidateAttributes.cpp">
      <Filter>wrapper\generated\cppwinrt</Filter>
    </ClCompile>
    <ClCompile Include="..\..\..\..\xplatform\ortclib-cpp\ortc\idl\wrapper\generated\cppwinrt\RTCIceCandidateComplete.cpp">
      <Filter>wrapper\generated\cppwinrt</Filter>
    </ClCompile>
    <ClCompile Include="..\..\..\..\xplatform\ortclib-cpp\ortc\idl\wrapper\generated\cppwinrt\RTCIceCandidatePair.cpp">
      <Filter>wrapper\generated\cppwinrt</Filter>
    </ClCompile>
    <ClCompile Include="..\..\..\..\xplatform\ortclib-cpp\ortc\idl\wrapper\generated\cppwinrt\RTCIceCandidatePairChangeEvent.cpp">
      <Filter>wrapper\generated\cppwinrt</Filter>
    </ClCompile>
    <ClCompile Include="..\..\..\..\xplatform\ortclib-cpp\ortc\idl\wrapper\generated\cppwinrt\RTCIceCandidatePairStats.cpp">
      <Filter>wrapper\generated\cppwinrt</Filter>
    </ClCompile>
    <ClCompile Include="..\..\..\..\xplatform\ortclib-cpp\ortc\idl\wrapper\generated\cppwinrt\RTCIceGatherer.cpp">
      <Filter>wrapper\generated\cppwinrt</Filter>
    </ClCompile>
    <ClCompile Include="..\..\..\..\xplatform\ortclib-cpp\ortc\idl\wrapper\generated\cppwinrt\RTCIceGathererCandidate.cpp">
      <Filter>wrapper\generated\cppwinrt</Filter>
    </ClCompile>
    <ClCompile Include="..\..\..\..\xplatform\ortclib-cpp\ortc\idl\wrapper\generated\cppwinrt\RTCIceGathererCandidateCompleteEvent.cpp">
      <Filter>wrapper\generated\cppwinrt</Filter>
    </ClCompile>
    <ClCompile Include="..\..\..\..\xplatform\ortclib-cpp\ortc\idl\wrapper\generated\cppwinrt\RTCIceGathererCandidateEvent.cpp">
      <Filter>wrapper\generated\cppwinrt</Filter>
    </ClCompile>
    <ClCompile Include="..\..\..\..\xplatform\ortclib-cpp\ortc\idl\wrapper\generated\cppwinrt\RTCIceGathererIceErrorEvent.cpp">
      <Filter>wrapper\generated\cppwinrt</Filter>
    </ClCompile>
    <ClCompile Include="..\..\..\..\xplatform\ortclib-cpp\ortc\idl\wrapper\generated\cppwinrt\RTCIceGathererStateChangeEvent.cpp">
      <Filter>wrapper\generated\cppwinrt</Filter>
    </ClCompile>
    <ClCompile Include="..\..\..\..\xplatform\ortclib-cpp\ortc\idl\wrapper\generated\cppwinrt\RTCIceGathererStats.cpp">
      <Filter>wrapper\generated\cppwinrt</Filter>
    </ClCompile>
    <ClCompile Include="..\..\..\..\xplatform\ortclib-cpp\ortc\idl\wrapper\generated\cppwinrt\RTCIceGatherInterfacePolicy.cpp">
      <Filter>wrapper\generated\cppwinrt</Filter>
    </ClCompile>
    <ClCompile Include="..\..\..\..\xplatform\ortclib-cpp\ortc\idl\wrapper\generated\cppwinrt\RTCIceGatherOptions.cpp">
      <Filter>wrapper\generated\cppwinrt</Filter>
    </ClCompile>
    <ClCompile Include="..\..\..\..\xplatform\ortclib-cpp\ortc\idl\wrapper\generated\cppwinrt\RTCIceParameters.cpp">
      <Filter>wrapper\generated\cppwinrt</Filter>
    </ClCompile>
    <ClCompile Include="..\..\..\..\xplatform\ortclib-cpp\ortc\idl\wrapper\generated\cppwinrt\RTCIceServer.cpp">
      <Filter>wrapper\generated\cppwinrt</Filter>
    </ClCompile>
    <ClCompile Include="..\..\..\..\xplatform\ortclib-cpp\ortc\idl\wrapper\generated\cppwinrt\RTCIceTransport.cpp">
      <Filter>wrapper\generated\cppwinrt</Filter>
    </ClCompile>
    <ClCompile Include="..\..\..\..\xplatform\ortclib-cpp\ortc\idl\wrapper\generated\cppwinrt\RTCIceTransportController.cpp">
      <Filter>wrapper\generated\cppwinrt</Filter>
    </ClCompile>
    <ClCompile Include="..\..\..\..\xplatform\ortclib-cpp\ortc\idl\wrapper\generated\cppwinrt\RTCIceTransportOptions.cpp">
      <Filter>wrapper\generated\cppwinrt</Filter>
    </ClCompile>
    <ClCompile Include="..\..\..\..\xplatform\ortclib-cpp\ortc\idl\wrapper\generated\cppwinrt\RTCIceTransportStateChangeEvent.cpp">
      <Filter>wrapper\generated\cppwinrt</Filter>
    </ClCompile>
    <ClCompile Include="..\..\..\..\xplatform\ortclib-cpp\ortc\idl\wrapper\generated\cppwinrt\RTCIceTransportStats.cpp">
      <Filter>wrapper\generated\cppwinrt</Filter>
    </ClCompile>
    <ClCompile Include="..\..\..\..\xplatform\ortclib-cpp\ortc\idl\wrapper\generated\cppwinrt\RTCIdentity.cpp">
      <Filter>wrapper\generated\cppwinrt</Filter>
    </ClCompile>
    <ClCompile Include="..\..\..\..\xplatform\ortclib-cpp\ortc\idl\wrapper\generated\cppwinrt\RTCIdentityAssertion.cpp">
      <Filter>wrapper\generated\cppwinrt</Filter>
    </ClCompile>
    <ClCompile Include="..\..\..\..\xplatform\ortclib-cpp\ortc\idl\wrapper\generated\cppwinrt\RTCIdentityError.cpp">
      <Filter>wrapper\generated\cppwinrt</Filter>
    </ClCompile>
    <ClCompile Include="..\..\..\..\xplatform\ortclib-cpp\ortc\idl\wrapper\generated\cppwinrt\RTCIdentityResult.cpp">
      <Filter>wrapper\generated\cppwinrt</Filter>
    </ClCompile>
    <ClCompile Include="..\..\..\..\xplatform\ortclib-cpp\ortc\idl\wrapper\generated\cppwinrt\RTCInboundRtpStreamStats.cpp">
      <Filter>wrapper\generated\cppwinrt</Filter>
    </ClCompile>
    <ClCompile Include="..\..\..\..\xplatform\ortclib-cpp\ortc\idl\wrapper\generated\cppwinrt\RTCMediaStreamStats.cpp">
      <Filter>wrapper\generated\cppwinrt</Filter>
    </ClCompile>
    <ClCompile Include="..\..\..\..\xplatform\ortclib-cpp\ortc\idl\wrapper\generated\cppwinrt\RTCMediaStreamTrackStats.cpp">
      <Filter>wrapper\generated\cppwinrt</Filter>
    </ClCompile>
    <ClCompile Include="..\..\..\..\xplatform\ortclib-cpp\ortc\idl\wrapper\generated\cppwinrt\RTCMessageEvent.cpp">
      <Filter>wrapper\generated\cppwinrt</Filter>
    </ClCompile>
    <ClCompile Include="..\..\..\..\xplatform\ortclib-cpp\ortc\idl\wrapper\generated\cppwinrt\RTCOutboundRtpStreamStats.cpp">
      <Filter>wrapper\generated\cppwinrt</Filter>
    </ClCompile>
    <ClCompile Include="..\..\..\..\xplatform\ortclib-cpp\ortc\idl\wrapper\generated\cppwinrt\RTCRtcpFeedback.cpp">
      <Filter>wrapper\generated\cppwinrt</Filter>
    </ClCompile>
    <ClCompile Include="..\..\..\..\xplatform\ortclib-cpp\ortc\idl\wrapper\generated\cppwinrt\RTCRtcpParameters.cpp">
      <Filter>wrapper\generated\cppwinrt</Filter>
    </ClCompile>
    <ClCompile Include="..\..\..\..\xplatform\ortclib-cpp\ortc\idl\wrapper\generated\cppwinrt\RTCRtcpTransport.cpp">
      <Filter>wrapper\generated\cppwinrt</Filter>
    </ClCompile>
    <ClCompile Include="..\..\..\..\xplatform\ortclib-cpp\ortc\idl\wrapper\generated\cppwinrt\RTCRtpCapabilities.cpp">
      <Filter>wrapper\generated\cppwinrt</Filter>
    </ClCompile>
    <ClCompile Include="..\..\..\..\xplatform\ortclib-cpp\ortc\idl\wrapper\generated\cppwinrt\RTCRtpCodecCapability.cpp">
      <Filter>wrapper\generated\cppwinrt</Filter>
    </ClCompile>
    <ClCompile Include="..\..\..\..\xplatform\ortclib-cpp\ortc\idl\wrapper\generated\cppwinrt\RTCRtpCodecCapabilityOptions.cpp">
      <Filter>wrapper\generated\cppwinrt</Filter>
    </ClCompile>
    <ClCompile Include="..\..\..\..\xplatform\ortclib-cpp\ortc\idl\wrapper\generated\cppwinrt\RTCRtpCodecCapabilityParameters.cpp">
      <Filter>wrapper\generated\cppwinrt</Filter>
    </ClCompile>
    <ClCompile Include="..\..\..\..\xplatform\ortclib-cpp\ortc\idl\wrapper\generated\cppwinrt\RTCRtpCodecParameters.cpp">
      <Filter>wrapper\generated\cppwinrt</Filter>
    </ClCompile>
    <ClCompile Include="..\..\..\..\xplatform\ortclib-cpp\ortc\idl\wrapper\generated\cppwinrt\RTCRtpCodecParameterSettings.cpp">
      <Filter>wrapper\generated\cppwinrt</Filter>
    </ClCompile>
    <ClCompile Include="..\..\..\..\xplatform\ortclib-cpp\ortc\idl\wrapper\generated\cppwinrt\RTCRtpContributingSource.cpp">
      <Filter>wrapper\generated\cppwinrt</Filter>
    </ClCompile>
    <ClCompile Include="..\..\..\..\xplatform\ortclib-cpp\ortc\idl\wrapper\generated\cppwinrt\RTCRtpEncodingParameters.cpp">
      <Filter>wrapper\generated\cppwinrt</Filter>
    </ClCompile>
    <ClCompile Include="..\..\..\..\xplatform\ortclib-cpp\ortc\idl\wrapper\generated\cppwinrt\RTCRtpFecParameters.cpp">
      <Filter>wrapper\generated\cppwinrt</Filter>
    </ClCompile>
    <ClCompile Include="..\..\..\..\xplatform\ortclib-cpp\ortc\idl\wrapper\generated\cppwinrt\RTCRtpFlexFecCodecCapabilityParameters.cpp">
      <Filter>wrapper\generated\cppwinrt</Filter>
    </ClCompile>
    <ClCompile Include="..\..\..\..\xplatform\ortclib-cpp\ortc\idl\wrapper\generated\cppwinrt\RTCRtpFlexFecCodecParameterSettings.cpp">
      <Filter>wrapper\generated\cppwinrt</Filter>
    </ClCompile>
    <ClCompile Include="..\..\..\..\xplatform\ortclib-cpp\ortc\idl\wrapper\generated\cppwinrt\RTCRtpH264CodecCapabilityParameters.cpp">
      <Filter>wrapper\generated\cppwinrt</Filter>
    </ClCompile>
    <ClCompile Include="..\..\..\..\xplatform\ortclib-cpp\ortc\idl\wrapper\generated\cppwinrt\RTCRtpH264CodecParameterSettings.cpp">
      <Filter>wrapper\generated\cppwinrt</Filter>
    </ClCompile>
    <ClCompile Include="..\..\..\..\xplatform\ortclib-cpp\ortc\idl\wrapper\generated\cppwinrt\RTCRtpHeaderExtension.cpp">
      <Filter>wrapper\generated\cppwinrt</Filter>
    </ClCompile>
    <ClCompile Include="..\..\..\..\xplatform\ortclib-cpp\ortc\idl\wrapper\generated\cppwinrt\RTCRtpHeaderExtensionParameters.cpp">
      <Filter>wrapper\generated\cppwinrt</Filter>
    </ClCompile>
    <ClCompile Include="..\..\..\..\xplatform\ortclib-cpp\ortc\idl\wrapper\generated\cppwinrt\RTCRtpListener.cpp">
      <Filter>wrapper\generated\cppwinrt</Filter>
    </ClCompile>
    <ClCompile Include="..\..\..\..\xplatform\ortclib-cpp\ortc\idl\wrapper\generated\cppwinrt\RTCRtpOpusCodecCapabilityOptions.cpp">
      <Filter>wrapper\generated\cppwinrt</Filter>
    </ClCompile>
    <ClCompile Include="..\..\..\..\xplatform\ortclib-cpp\ortc\idl\wrapper\generated\cppwinrt\RTCRtpOpusCodecCapabilityParameters.cpp">
      <Filter>wrapper\generated\cppwinrt</Filter>
    </ClCompile>
    <ClCompile Include="..\..\..\..\xplatform\ortclib-cpp\ortc\idl\wrapper\generated\cppwinrt\RTCRtpOpusCodecParameterSettings.cpp">
      <Filter>wrapper\generated\cppwinrt</Filter>
    </ClCompile>
    <ClCompile Include="..\..\..\..\xplatform\ortclib-cpp\ortc\idl\wrapper\generated\cppwinrt\RTCRtpParameters.cpp">
      <Filter>wrapper\generated\cppwinrt</Filter>
    </ClCompile>
    <ClCompile Include="..\..\..\..\xplatform\ortclib-cpp\ortc\idl\wrapper\generated\cppwinrt\RTCRtpReceiver.cpp">
      <Filter>wrapper\generated\cppwinrt</Filter>
    </ClCompile>
    <ClCompile Include="..\..\..\..\xplatform\ortclib-cpp\ortc\idl\wrapper\generated\cppwinrt\RTCRtpRedCodecParameterSettings.cpp">
      <Filter>wrapper\generated\cppwinrt</Filter>
    </ClCompile>
    <ClCompile Include="..\..\..\..\xplatform\ortclib-cpp\ortc\idl\wrapper\generated\cppwinrt\RTCRtpRtxCodecCapabilityParameters.cpp">
      <Filter>wrapper\generated\cppwinrt</Filter>
    </ClCompile>
    <ClCompile Include="..\..\..\..\xplatform\ortclib-cpp\ortc\idl\wrapper\generated\cppwinrt\RTCRtpRtxCodecParameterSettings.cpp">
      <Filter>wrapper\generated\cppwinrt</Filter>
    </ClCompile>
    <ClCompile Include="..\..\..\..\xplatform\ortclib-cpp\ortc\idl\wrapper\generated\cppwinrt\RTCRtpRtxParameters.cpp">
      <Filter>wrapper\generated\cppwinrt</Filter>
    </ClCompile>
    <ClCompile Include="..\..\..\..\xplatform\ortclib-cpp\ortc\idl\wrapper\generated\cppwinrt\RTCRtpSender.cpp">
      <Filter>wrapper\generated\cppwinrt</Filter>
    </ClCompile>
    <ClCompile Include="..\..\..\..\xplatform\ortclib-cpp\ortc\idl\wrapper\generated\cppwinrt\RTCRtpStreamStats.cpp">
      <Filter>wrapper\generated\cppwinrt</Filter>
    </ClCompile>
    <ClCompile Include="..\..\..\..\xplatform\ortclib-cpp\ortc\idl\wrapper\generated\cppwinrt\RTCRtpTransport.cpp">
      <Filter>wrapper\generated\cppwinrt</Filter>
    </ClCompile>
    <ClCompile Include="..\..\..\..\xplatform\ortclib-cpp\ortc\idl\wrapper\generated\cppwinrt\RTCRtpUnhandledEvent.cpp">
      <Filter>wrapper\generated\cppwinrt</Filter>
    </ClCompile>
    <ClCompile Include="..\..\..\..\xplatform\ortclib-cpp\ortc\idl\wrapper\generated\cppwinrt\RTCRtpVp8CodecCapabilityParameters.cpp">
      <Filter>wrapper\generated\cppwinrt</Filter>
    </ClCompile>
    <ClCompile Include="..\..\..\..\xplatform\ortclib-cpp\ortc\idl\wrapper\generated\cppwinrt\RTCRtpVp8CodecParameterSettings.cpp">
      <Filter>wrapper\generated\cppwinrt</Filter>
    </ClCompile>
    <ClCompile Include="..\..\..\..\xplatform\ortclib-cpp\ortc\idl\wrapper\generated\cppwinrt\RTCSctpCapabilities.cpp">
      <Filter>wrapper\generated\cppwinrt</Filter>
    </ClCompile>
    <ClCompile Include="..\..\..\..\xplatform\ortclib-cpp\ortc\idl\wrapper\generated\cppwinrt\RTCSctpTransport.cpp">
      <Filter>wrapper\generated\cppwinrt</Filter>
    </ClCompile>
    <ClCompile Include="..\..\..\..\xplatform\ortclib-cpp\ortc\idl\wrapper\generated\cppwinrt\RTCSctpTransportListener.cpp">
      <Filter>wrapper\generated\cppwinrt</Filter>
    </ClCompile>
    <ClCompile Include="..\..\..\..\xplatform\ortclib-cpp\ortc\idl\wrapper\generated\cppwinrt\RTCSctpTransportListenerEvent.cpp">
      <Filter>wrapper\generated\cppwinrt</Filter>
    </ClCompile>
    <ClCompile Include="..\..\..\..\xplatform\ortclib-cpp\ortc\idl\wrapper\generated\cppwinrt\RTCSctpTransportStateChangeEvent.cpp">
      <Filter>wrapper\generated\cppwinrt</Filter>
    </ClCompile>
    <ClCompile Include="..\..\..\..\xplatform\ortclib-cpp\ortc\idl\wrapper\generated\cppwinrt\RTCSctpTransportStats.cpp">
      <Filter>wrapper\generated\cppwinrt</Filter>
    </ClCompile>
    <ClCompile Include="..\..\..\..\xplatform\ortclib-cpp\ortc\idl\wrapper\generated\cppwinrt\RTCSrtpSdesCryptoParameters.cpp">
      <Filter>wrapper\generated\cppwinrt</Filter>
    </ClCompile>
    <ClCompile Include="..\..\..\..\xplatform\ortclib-cpp\ortc\idl\wrapper\generated\cppwinrt\RTCSrtpSdesKeyParameters.cpp">
      <Filter>wrapper\generated\cppwinrt</Filter>
    </ClCompile>
    <ClCompile Include="..\..\..\..\xplatform\ortclib-cpp\ortc\idl\wrapper\generated\cppwinrt\RTCSrtpSdesParameters.cpp">
      <Filter>wrapper\generated\cppwinrt</Filter>
    </ClCompile>
    <ClCompile Include="..\..\..\..\xplatform\ortclib-cpp\ortc\idl\wrapper\generated\cppwinrt\RTCSrtpSdesTransport.cpp">
      <Filter>wrapper\generated\cppwinrt</Filter>
    </ClCompile>
    <ClCompile Include="..\..\..\..\xplatform\ortclib-cpp\ortc\idl\wrapper\generated\cppwinrt\RTCSrtpSdesTransportLifetimeRemainingEvent.cpp">
      <Filter>wrapper\generated\cppwinrt</Filter>
    </ClCompile>
    <ClCompile Include="..\..\..\..\xplatform\ortclib-cpp\ortc\idl\wrapper\generated\cppwinrt\RTCSrtpTransportStats.cpp">
      <Filter>wrapper\generated\cppwinrt</Filter>
    </ClCompile>
    <ClCompile Include="..\..\..\..\xplatform\ortclib-cpp\ortc\idl\wrapper\generated\cppwinrt\RTCSsrcConflictEvent.cpp">
      <Filter>wrapper\generated\cppwinrt</Filter>
    </ClCompile>
    <ClCompile Include="..\..\..\..\xplatform\ortclib-cpp\ortc\idl\wrapper\generated\cppwinrt\RTCStats.cpp">
      <Filter>wrapper\generated\cppwinrt</Filter>
    </ClCompile>
    <ClCompile Include="..\..\..\..\xplatform\ortclib-cpp\ortc\idl\wrapper\generated\cppwinrt\RTCStatsProvider.cpp">
      <Filter>wrapper\generated\cppwinrt</Filter>
    </ClCompile>
    <ClCompile Include="..\..\..\..\xplatform\ortclib-cpp\ortc\idl\wrapper\generated\cppwinrt\RTCStatsReport.cpp">
      <Filter>wrapper\generated\cppwinrt</Filter>
    </ClCompile>
    <ClCompile Include="..\..\..\..\xplatform\ortclib-cpp\ortc\idl\wrapper\generated\cppwinrt\RTCStatsTypeSet.cpp">
      <Filter>wrapper\generated\cppwinrt</Filter>
    </ClCompile>
    <ClCompile Include="..\..\..\..\xplatform\ortclib-cpp\ortc\idl\wrapper\generated\cppwinrt\Settings.cpp">
      <Filter>wrapper\generated\cppwinrt</Filter>
    </ClCompile>
    <ClCompile Include="..\..\..\..\xplatform\ortclib-cpp\ortc\idl\wrapper\generated\cppwinrt\StringOrStringList.cpp">
      <Filter>wrapper\generated\cppwinrt</Filter>
    </ClCompile>
    <ClCompile Include="..\..\..\..\xplatform\ortclib-cpp\ortc\idl\wrapper\override\cppwinrt\cppwinrt_Helpers_Throwers.cpp">
      <Filter>wrapper\override\cppwinrt</Filter>
    </ClCompile>
    <ClCompile Include="..\..\..\..\xplatform\ortclib-cpp\ortc\idl\wrapper\override\cppwinrt\EventQueue.cpp">
      <Filter>wrapper\override\cppwinrt</Filter>
    </ClCompile>
    <ClCompile Include="..\..\..\..\xplatform\ortclib-cpp\ortc\idl\wrapper\override\cppwinrt\EventQueueMaker.cpp">
      <Filter>wrapper\override\cppwinrt</Filter>
    </ClCompile>
    <ClCompile Include="..\..\..\..\xplatform\ortclib-cpp\ortc\idl\wrapper\override\cppwinrt\MediaControl.cpp">
      <Filter>wrapper\override\cppwinrt</Filter>
    </ClCompile>
    <ClCompile Include="..\..\..\..\xplatform\ortclib-cpp\ortc\idl\wrapper\override\cppwinrt\MediaSource.cpp">
      <Filter>wrapper\override\cppwinrt</Filter>
    </ClCompile>
  </ItemGroup>
  <ItemGroup>
    <ClInclude Include="pch.h" />
    <ClInclude Include="..\..\..\..\xplatform\ortclib-cpp\ortc\idl\wrapper\generated\cppwinrt\Adapter.MediaStream.h">
      <Filter>wrapper\generated\cppwinrt</Filter>
    </ClInclude>
    <ClInclude Include="..\..\..\..\xplatform\ortclib-cpp\ortc\idl\wrapper\generated\cppwinrt\Adapter.RTCAnswerOptions.h">
      <Filter>wrapper\generated\cppwinrt</Filter>
    </ClInclude>
    <ClInclude Include="..\..\..\..\xplatform\ortclib-cpp\ortc\idl\wrapper\generated\cppwinrt\Adapter.RTCCapabilityOptions.h">
      <Filter>wrapper\generated\cppwinrt</Filter>
    </ClInclude>
    <ClInclude Include="..\..\..\..\xplatform\ortclib-cpp\ortc\idl\wrapper\generated\cppwinrt\Adapter.RTCConfiguration.h">
      <Filter>wrapper\generated\cppwinrt</Filter>
    </ClInclude>
    <ClInclude Include="..\..\..\..\xplatform\ortclib-cpp\ortc\idl\wrapper\generated\cppwinrt\Adapter.RTCIceCandidate.h">
      <Filter>wrapper\generated\cppwinrt</Filter>
    </ClInclude>
    <ClInclude Include="..\..\..\..\xplatform\ortclib-cpp\ortc\idl\wrapper\generated\cppwinrt\Adapter.RTCMediaStreamTrackConfiguration.h">
      <Filter>wrapper\generated\cppwinrt</Filter>
    </ClInclude>
    <ClInclude Include="..\..\..\..\xplatform\ortclib-cpp\ortc\idl\wrapper\generated\cppwinrt\Adapter.RTCOfferAnswerOptions.h">
      <Filter>wrapper\generated\cppwinrt</Filter>
    </ClInclude>
    <ClInclude Include="..\..\..\..\xplatform\ortclib-cpp\ortc\idl\wrapper\generated\cppwinrt\Adapter.RTCOfferOptions.h">
      <Filter>wrapper\generated\cppwinrt</Filter>
    </ClInclude>
    <ClInclude Include="..\..\..\..\xplatform\ortclib-cpp\ortc\idl\wrapper\generated\cppwinrt\Adapter.RTCPeerConnection.h">
      <Filter>wrapper\generated\cppwinrt</Filter>
    </ClInclude>
    <ClInclude Include="..\..\..\..\xplatform\ortclib-cpp\ortc\idl\wrapper\generated\cppwinrt\Adapter.RTCPeerConnectionIceErrorEvent.h">
      <Filter>wrapper\generated\cppwinrt</Filter>
    </ClInclude>
    <ClInclude Include="..\..\..\..\xplatform\ortclib-cpp\ortc\idl\wrapper\generated\cppwinrt\Adapter.RTCPeerConnectionIceEvent.h">
      <Filter>wrapper\generated\cppwinrt</Filter>
    </ClInclude>
    <ClInclude Include="..\..\..\..\xplatform\ortclib-cpp\ortc\idl\wrapper\generated\cppwinrt\Adapter.RTCSessionDescription.h">
      <Filter>wrapper\generated\cppwinrt</Filter>
    </ClInclude>
    <ClInclude Include="..\..\..\..\xplatform\ortclib-cpp\ortc\idl\wrapper\generated\cppwinrt\Adapter.RTCSessionDescriptionConnectionData.h">
      <Filter>wrapper\generated\cppwinrt</Filter>
    </ClInclude>
    <ClInclude Include="..\..\..\..\xplatform\ortclib-cpp\ortc\idl\wrapper\generated\cppwinrt\Adapter.RTCSessionDescriptionConnectionDataDetails.h">
      <Filter>wrapper\generated\cppwinrt</Filter>
    </ClInclude>
    <ClInclude Include="..\..\..\..\xplatform\ortclib-cpp\ortc\idl\wrapper\generated\cppwinrt\Adapter.RTCSessionDescriptionDescription.h">
      <Filter>wrapper\generated\cppwinrt</Filter>
    </ClInclude>
    <ClInclude Include="..\..\..\..\xplatform\ortclib-cpp\ortc\idl\wrapper\generated\cppwinrt\Adapter.RTCSessionDescriptionDescriptionDetails.h">
      <Filter>wrapper\generated\cppwinrt</Filter>
    </ClInclude>
    <ClInclude Include="..\..\..\..\xplatform\ortclib-cpp\ortc\idl\wrapper\generated\cppwinrt\Adapter.RTCSessionDescriptionMediaLine.h">
      <Filter>wrapper\generated\cppwinrt</Filter>
    </ClInclude>
    <ClInclude Include="..\..\..\..\xplatform\ortclib-cpp\ortc\idl\wrapper\generated\cppwinrt\Adapter.RTCSessionDescriptionMediaLineDetails.h">
      <Filter>wrapper\generated\cppwinrt</Filter>
    </ClInclude>
    <ClInclude Include="..\..\..\..\xplatform\ortclib-cpp\ortc\idl\wrapper\generated\cppwinrt\Adapter.RTCSessionDescriptionRtpMediaLine.h">
      <Filter>wrapper\generated\cppwinrt</Filter>
    </ClInclude>
    <ClInclude Include="..\..\..\..\xplatform\ortclib-cpp\ortc\idl\wrapper\generated\cppwinrt\Adapter.RTCSessionDescriptionRtpSender.h">
      <Filter>wrapper\generated\cppwinrt</Filter>
    </ClInclude>
    <ClInclude Include="..\..\..\..\xplatform\ortclib-cpp\ortc\idl\wrapper\generated\cppwinrt\Adapter.RTCSessionDescriptionRtpSenderDetails.h">
      <Filter>wrapper\generated\cppwinrt</Filter>
    </ClInclude>
    <ClInclude Include="..\..\..\..\xplatform\ortclib-cpp\ortc\idl\wrapper\generated\cppwinrt\Adapter.RTCSessionDescriptionSctpMediaLine.h">
      <Filter>wrapper\generated\cppwinrt</Filter>
    </ClInclude>
    <ClInclude Include="..\..\..\..\xplatform\ortclib-cpp\ortc\idl\wrapper\generated\cppwinrt\Adapter.RTCSessionDescriptionTransport.h">
      <Filter>wrapper\generated\cppwinrt</Filter>
    </ClInclude>
    <ClInclude Include="..\..\..\..\xplatform\ortclib-cpp\ortc\idl\wrapper\generated\cppwinrt\Adapter.RTCSessionDescriptionTransportParameters.h">
      <Filter>wrapper\generated\cppwinrt</Filter>
    </ClInclude>
    <ClInclude Include="..\..\..\..\xplatform\ortclib-cpp\ortc\idl\wrapper\generated\cppwinrt\Adapter.RTCTrackEvent.h">
      <Filter>wrapper\generated\cppwinrt</Filter>
    </ClInclude>
    <ClInclude Include="..\..\..\..\xplatform\ortclib-cpp\ortc\idl\wrapper\generated\cppwinrt\ConstrainBoolean.h">
      <Filter>wrapper\generated\cppwinrt</Filter>
    </ClInclude>
    <ClInclude Include="..\..\..\..\xplatform\ortclib-cpp\ortc\idl\wrapper\generated\cppwinrt\ConstrainBooleanParameters.h">
      <Filter>wrapper\generated\cppwinrt</Filter>
    </ClInclude>
    <ClInclude Include="..\..\..\..\xplatform\ortclib-cpp\ortc\idl\wrapper\generated\cppwinrt\ConstrainDouble.h">
      <Filter>wrapper\generated\cppwinrt</Filter>
    </ClInclude>
    <ClInclude Include="..\..\..\..\xplatform\ortclib-cpp\ortc\idl\wrapper\generated\cppwinrt\ConstrainDoubleRange.h">
      <Filter>wrapper\generated\cppwinrt</Filter>
    </ClInclude>
    <ClInclude Include="..\..\..\..\xplatform\ortclib-cpp\ortc\idl\wrapper\generated\cppwinrt\ConstrainLong.h">
      <Filter>wrapper\generated\cppwinrt</Filter>
    </ClInclude>
    <ClInclude Include="..\..\..\..\xplatform\ortclib-cpp\ortc\idl\wrapper\generated\cppwinrt\ConstrainLongRange.h">
      <Filter>wrapper\generated\cppwinrt</Filter>
    </ClInclude>
    <ClInclude Include="..\..\..\..\xplatform\ortclib-cpp\ortc\idl\wrapper\generated\cppwinrt\ConstrainString.h">
      <Filter>wrapper\generated\cppwinrt</Filter>
    </ClInclude>
    <ClInclude Include="..\..\..\..\xplatform\ortclib-cpp\ortc\idl\wrapper\generated\cppwinrt\ConstrainStringParameters.h">
      <Filter>wrapper\generated\cppwinrt</Filter>
    </ClInclude>
    <ClInclude Include="..\..\..\..\xplatform\ortclib-cpp\ortc\idl\wrapper\generated\cppwinrt\cppwinrt_Helpers.h">
      <Filter>wrapper\generated\cppwinrt</Filter>
    </ClInclude>
    <ClInclude Include="..\..\..\..\xplatform\ortclib-cpp\ortc\idl\wrapper\generated\cppwinrt\DoubleRange.h">
      <Filter>wrapper\generated\cppwinrt</Filter>
    </ClInclude>
    <ClInclude Include="..\..\..\..\xplatform\ortclib-cpp\ortc\idl\wrapper\generated\cppwinrt\Error.h">
      <Filter>wrapper\generated\cppwinrt</Filter>
    </ClInclude>
    <ClInclude Include="..\..\..\..\xplatform\ortclib-cpp\ortc\idl\wrapper\generated\cppwinrt\ErrorEvent.h">
      <Filter>wrapper\generated\cppwinrt</Filter>
    </ClInclude>
    <ClInclude Include="..\..\..\..\xplatform\ortclib-cpp\ortc\idl\wrapper\generated\cppwinrt\EventQueue.h">
      <Filter>wrapper\generated\cppwinrt</Filter>
    </ClInclude>
    <ClInclude Include="..\..\..\..\xplatform\ortclib-cpp\ortc\idl\wrapper\generated\cppwinrt\EventQueueMaker.h">
      <Filter>wrapper\generated\cppwinrt</Filter>
    </ClInclude>
    <ClInclude Include="..\..\..\..\xplatform\ortclib-cpp\ortc\idl\wrapper\generated\cppwinrt\Json.h">
      <Filter>wrapper\generated\cppwinrt</Filter>
    </ClInclude>
    <ClInclude Include="..\..\..\..\xplatform\ortclib-cpp\ortc\idl\wrapper\generated\cppwinrt\Logger.h">
      <Filter>wrapper\generated\cppwinrt</Filter>
    </ClInclude>
    <ClInclude Include="..\..\..\..\xplatform\ortclib-cpp\ortc\idl\wrapper\generated\cppwinrt\LongRange.h">
      <Filter>wrapper\generated\cppwinrt</Filter>
    </ClInclude>
    <ClInclude Include="..\..\..\..\xplatform\ortclib-cpp\ortc\idl\wrapper\generated\cppwinrt\MediaControl.h">
      <Filter>wrapper\generated\cppwinrt</Filter>
    </ClInclude>
    <ClInclude Include="..\..\..\..\xplatform\ortclib-cpp\ortc\idl\wrapper\generated\cppwinrt\MediaDeviceInfo.h">
      <Filter>wrapper\generated\cppwinrt</Filter>
    </ClInclude>
    <ClInclude Include="..\..\..\..\xplatform\ortclib-cpp\ortc\idl\wrapper\generated\cppwinrt\MediaDevices.h">
      <Filter>wrapper\generated\cppwinrt</Filter>
    </ClInclude>
    <ClInclude Include="..\..\..\..\xplatform\ortclib-cpp\ortc\idl\wrapper\generated\cppwinrt\MediaSource.h">
      <Filter>wrapper\generated\cppwinrt</Filter>
    </ClInclude>
    <ClInclude Include="..\..\..\..\xplatform\ortclib-cpp\ortc\idl\wrapper\generated\cppwinrt\MediaStreamConstraints.h">
      <Filter>wrapper\generated\cppwinrt</Filter>
    </ClInclude>
    <ClInclude Include="..\..\..\..\xplatform\ortclib-cpp\ortc\idl\wrapper\generated\cppwinrt\MediaStreamTrack.h">
      <Filter>wrapper\generated\cppwinrt</Filter>
    </ClInclude>
    <ClInclude Include="..\..\..\..\xplatform\ortclib-cpp\ortc\idl\wrapper\generated\cppwinrt\MediaTrackCapabilities.h">
      <Filter>wrapper\generated\cppwinrt</Filter>
    </ClInclude>
    <ClInclude Include="..\..\..\..\xplatform\ortclib-cpp\ortc\idl\wrapper\generated\cppwinrt\MediaTrackConstraints.h">
      <Filter>wrapper\generated\cppwinrt</Filter>
    </ClInclude>
    <ClInclude Include="..\..\..\..\xplatform\ortclib-cpp\ortc\idl\wrapper\generated\cppwinrt\MediaTrackConstraintSet.h">
      <Filter>wrapper\generated\cppwinrt</Filter>
    </ClInclude>
    <ClInclude Include="..\..\..\..\xplatform\ortclib-cpp\ortc\idl\wrapper\generated\cppwinrt\MediaTrackSettings.h">
      <Filter>wrapper\generated\cppwinrt</Filter>
    </ClInclude>
    <ClInclude Include="..\..\..\..\xplatform\ortclib-cpp\ortc\idl\wrapper\generated\cppwinrt\MediaTrackSupportedConstraints.h">
      <Filter>wrapper\generated\cppwinrt</Filter>
    </ClInclude>
    <ClInclude Include="..\..\..\..\xplatform\ortclib-cpp\ortc\idl\wrapper\generated\cppwinrt\OrtcLib.h">
      <Filter>wrapper\generated\cppwinrt</Filter>
    </ClInclude>
    <ClInclude Include="..\..\..\..\xplatform\ortclib-cpp\ortc\idl\wrapper\generated\cppwinrt\OverconstrainedError.h">
      <Filter>wrapper\generated\cppwinrt</Filter>
    </ClInclude>
    <ClInclude Include="..\..\..\..\xplatform\ortclib-cpp\ortc\idl\wrapper\generated\cppwinrt\OverconstrainedErrorEvent.h">
      <Filter>wrapper\generated\cppwinrt</Filter>
    </ClInclude>
    <ClInclude Include="..\..\..\..\xplatform\ortclib-cpp\ortc\idl\wrapper\generated\cppwinrt\RTCCertificate.h">
      <Filter>wrapper\generated\cppwinrt</Filter>
    </ClInclude>
    <ClInclude Include="..\..\..\..\xplatform\ortclib-cpp\ortc\idl\wrapper\generated\cppwinrt\RTCCertificateStats.h">
      <Filter>wrapper\generated\cppwinrt</Filter>
    </ClInclude>
    <ClInclude Include="..\..\..\..\xplatform\ortclib-cpp\ortc\idl\wrapper\generated\cppwinrt\RTCCodec.h">
      <Filter>wrapper\generated\cppwinrt</Filter>
    </ClInclude>
    <ClInclude Include="..\..\..\..\xplatform\ortclib-cpp\ortc\idl\wrapper\generated\cppwinrt\RTCDataChannel.h">
      <Filter>wrapper\generated\cppwinrt</Filter>
    </ClInclude>
    <ClInclude Include="..\..\..\..\xplatform\ortclib-cpp\ortc\idl\wrapper\generated\cppwinrt\RTCDataChannelEvent.h">
      <Filter>wrapper\generated\cppwinrt</Filter>
    </ClInclude>
    <ClInclude Include="..\..\..\..\xplatform\ortclib-cpp\ortc\idl\wrapper\generated\cppwinrt\RTCDataChannelParameters.h">
      <Filter>wrapper\generated\cppwinrt</Filter>
    </ClInclude>
    <ClInclude Include="..\..\..\..\xplatform\ortclib-cpp\ortc\idl\wrapper\generated\cppwinrt\RTCDataChannelStateChangeEvent.h">
      <Filter>wrapper\generated\cppwinrt</Filter>
    </ClInclude>
    <ClInclude Include="..\..\..\..\xplatform\ortclib-cpp\ortc\idl\wrapper\generated\cppwinrt\RTCDataChannelStats.h">
      <Filter>wrapper\generated\cppwinrt</Filter>
    </ClInclude>
    <ClInclude Include="..\..\..\..\xplatform\ortclib-cpp\ortc\idl\wrapper\generated\cppwinrt\RTCDataTransport.h">
      <Filter>wrapper\generated\cppwinrt</Filter>
    </ClInclude>
    <ClInclude Include="..\..\..\..\xplatform\ortclib-cpp\ortc\idl\wrapper\generated\cppwinrt\RTCDtlsCertificateBinary.h">
      <Filter>wrapper\generated\cppwinrt</Filter>
    </ClInclude>
    <ClInclude Include="..\..\..\..\xplatform\ortclib-cpp\ortc\idl\wrapper\generated\cppwinrt\RTCDtlsFingerprint.h">
      <Filter>wrapper\generated\cppwinrt</Filter>
    </ClInclude>
    <ClInclude Include="..\..\..\..\xplatform\ortclib-cpp\ortc\idl\wrapper\generated\cppwinrt\RTCDtlsParameters.h">
      <Filter>wrapper\generated\cppwinrt</Filter>
    </ClInclude>
    <ClInclude Include="..\..\..\..\xplatform\ortclib-cpp\ortc\idl\wrapper\generated\cppwinrt\RTCDtlsTransport.h">
      <Filter>wrapper\generated\cppwinrt</Filter>
    </ClInclude>
    <ClInclude Include="..\..\..\..\xplatform\ortclib-cpp\ortc\idl\wrapper\generated\cppwinrt\RTCDtlsTransportStateChangeEvent.h">
      <Filter>wrapper\generated\cppwinrt</Filter>
    </ClInclude>
    <ClInclude Include="..\..\..\..\xplatform\ortclib-cpp\ortc\idl\wrapper\generated\cppwinrt\RTCDtlsTransportStats.h">
      <Filter>wrapper\generated\cppwinrt</Filter>
    </ClInclude>
    <ClInclude Include="..\..\..\..\xplatform\ortclib-cpp\ortc\idl\wrapper\generated\cppwinrt\RTCDtmfSender.h">
      <Filter>wrapper\generated\cppwinrt</Filter>
    </ClInclude>
    <ClInclude Include="..\..\..\..\xplatform\ortclib-cpp\ortc\idl\wrapper\generated\cppwinrt\RTCDtmfToneChangeEvent.h">
      <Filter>wrapper\generated\cppwinrt</Filter>
    </ClInclude>
    <ClInclude Include="..\..\..\..\xplatform\ortclib-cpp\ortc\idl\wrapper\generated\cppwinrt\RTCIceCandidate.h">
      <Filter>wrapper\generated\cppwinrt</Filter>
    </ClInclude>
    <ClInclude Include="..\..\..\..\xplatform\ortclib-cpp\ortc\idl\wrapper\generated\cppwinrt\RTCIceCandidateAttributes.h">
      <Filter>wrapper\generated\cppwinrt</Filter>
    </ClInclude>
    <ClInclude Include="..\..\..\..\xplatform\ortclib-cpp\ortc\idl\wrapper\generated\cppwinrt\RTCIceCandidateComplete.h">
      <Filter>wrapper\generated\cppwinrt</Filter>
    </ClInclude>
    <ClInclude Include="..\..\..\..\xplatform\ortclib-cpp\ortc\idl\wrapper\generated\cppwinrt\RTCIceCandidatePair.h">
      <Filter>wrapper\generated\cppwinrt</Filter>
    </ClInclude>
    <ClInclude Include="..\..\..\..\xplatform\ortclib-cpp\ortc\idl\wrapper\generated\cppwinrt\RTCIceCandidatePairChangeEvent.h">
      <Filter>wrapper\generated\cppwinrt</Filter>
    </ClInclude>
    <ClInclude Include="..\..\..\..\xplatform\ortclib-cpp\ortc\idl\wrapper\generated\cppwinrt\RTCIceCandidatePairStats.h">
      <Filter>wrapper\generated\cppwinrt</Filter>
    </ClInclude>
    <ClInclude Include="..\..\..\..\xplatform\ortclib-cpp\ortc\idl\wrapper\generated\cppwinrt\RTCIceGatherer.h">
      <Filter>wrapper\generated\cppwinrt</Filter>
    </ClInclude>
    <ClInclude Include="..\..\..\..\xplatform\ortclib-cpp\ortc\idl\wrapper\generated\cppwinrt\RTCIceGathererCandidate.h">
      <Filter>wrapper\generated\cppwinrt</Filter>
    </ClInclude>
    <ClInclude Include="..\..\..\..\xplatform\ortclib-cpp\ortc\idl\wrapper\generated\cppwinrt\RTCIceGathererCandidateCompleteEvent.h">
      <Filter>wrapper\generated\cppwinrt</Filter>
    </ClInclude>
    <ClInclude Include="..\..\..\..\xplatform\ortclib-cpp\ortc\idl\wrapper\generated\cppwinrt\RTCIceGathererCandidateEvent.h">
      <Filter>wrapper\generated\cppwinrt</Filter>
    </ClInclude>
    <ClInclude Include="..\..\..\..\xplatform\ortclib-cpp\ortc\idl\wrapper\generated\cppwinrt\RTCIceGathererIceErrorEvent.h">
      <Filter>wrapper\generated\cppwinrt</Filter>
    </ClInclude>
    <ClInclude Include="..\..\..\..\xplatform\ortclib-cpp\ortc\idl\wrapper\generated\cppwinrt\RTCIceGathererStateChangeEvent.h">
      <Filter>wrapper\generated\cppwinrt</Filter>
    </ClInclude>
    <ClInclude Include="..\..\..\..\xplatform\ortclib-cpp\ortc\idl\wrapper\generated\cppwinrt\RTCIceGathererStats.h">
      <Filter>wrapper\generated\cppwinrt</Filter>
    </ClInclude>
    <ClInclude Include="..\..\..\..\xplatform\ortclib-cpp\ortc\idl\wrapper\generated\cppwinrt\RTCIceGatherInterfacePolicy.h">
      <Filter>wrapper\generated\cppwinrt</Filter>
    </ClInclude>
    <ClInclude Include="..\..\..\..\xplatform\ortclib-cpp\ortc\idl\wrapper\generated\cppwinrt\RTCIceGatherOptions.h">
      <Filter>wrapper\generated\cppwinrt</Filter>
    </ClInclude>
    <ClInclude Include="..\..\..\..\xplatform\ortclib-cpp\ortc\idl\wrapper\generated\cppwinrt\RTCIceParameters.h">
      <Filter>wrapper\generated\cppwinrt</Filter>
    </ClInclude>
    <ClInclude Include="..\..\..\..\xplatform\ortclib-cpp\ortc\idl\wrapper\generated\cppwinrt\RTCIceServer.h">
      <Filter>wrapper\generated\cppwinrt</Filter>
    </ClInclude>
    <ClInclude Include="..\..\..\..\xplatform\ortclib-cpp\ortc\idl\wrapper\generated\cppwinrt\RTCIceTransport.h">
      <Filter>wrapper\generated\cppwinrt</Filter>
    </ClInclude>
    <ClInclude Include="..\..\..\..\xplatform\ortclib-cpp\ortc\idl\wrapper\generated\cppwinrt\RTCIceTransportController.h">
      <Filter>wrapper\generated\cppwinrt</Filter>
    </ClInclude>
    <ClInclude Include="..\..\..\..\xplatform\ortclib-cpp\ortc\idl\wrapper\generated\cppwinrt\RTCIceTransportOptions.h">
      <Filter>wrapper\generated\cppwinrt</Filter>
    </ClInclude>
    <ClInclude Include="..\..\..\..\xplatform\ortclib-cpp\ortc\idl\wrapper\generated\cppwinrt\RTCIceTransportStateChangeEvent.h">
      <Filter>wrapper\generated\cppwinrt</Filter>
    </ClInclude>
    <ClInclude Include="..\..\..\..\xplatform\ortclib-cpp\ortc\idl\wrapper\generated\cppwinrt\RTCIceTransportStats.h">
      <Filter>wrapper\generated\cppwinrt</Filter>
    </ClInclude>
    <ClInclude Include="..\..\..\..\xplatform\ortclib-cpp\ortc\idl\wrapper\generated\cppwinrt\RTCIdentity.h">
      <Filter>wrapper\generated\cppwinrt</Filter>
    </ClInclude>
    <ClInclude Include="..\..\..\..\xplatform\ortclib-cpp\ortc\idl\wrapper\generated\cppwinrt\RTCIdentityAssertion.h">
      <Filter>wrapper\generated\cppwinrt</Filter>
    </ClInclude>
    <ClInclude Include="..\..\..\..\xplatform\ortclib-cpp\ortc\idl\wrapper\generated\cppwinrt\RTCIdentityError.h">
      <Filter>wrapper\generated\cppwinrt</Filter>
    </ClInclude>
    <ClInclude Include="..\..\..\..\xplatform\ortclib-cpp\ortc\idl\wrapper\generated\cppwinrt\RTCIdentityResult.h">
      <Filter>wrapper\generated\cppwinrt</Filter>
    </ClInclude>
    <ClInclude Include="..\..\..\..\xplatform\ortclib-cpp\ortc\idl\wrapper\generated\cppwinrt\RTCInboundRtpStreamStats.h">
      <Filter>wrapper\generated\cppwinrt</Filter>
    </ClInclude>
    <ClInclude Include="..\..\..\..\xplatform\ortclib-cpp\ortc\idl\wrapper\generated\cppwinrt\RTCMediaStreamStats.h">
      <Filter>wrapper\generated\cppwinrt</Filter>
    </ClInclude>
    <ClInclude Include="..\..\..\..\xplatform\ortclib-cpp\ortc\idl\wrapper\generated\cppwinrt\RTCMediaStreamTrackStats.h">
      <Filter>wrapper\generated\cppwinrt</Filter>
    </ClInclude>
    <ClInclude Include="..\..\..\..\xplatform\ortclib-cpp\ortc\idl\wrapper\generated\cppwinrt\RTCMessageEvent.h">
      <Filter>wrapper\generated\cppwinrt</Filter>
    </ClInclude>
    <ClInclude Include="..\..\..\..\xplatform\ortclib-cpp\ortc\idl\wrapper\generated\cppwinrt\RTCOutboundRtpStreamStats.h">
      <Filter>wrapper\generated\cppwinrt</Filter>
    </ClInclude>
    <ClInclude Include="..\..\..\..\xplatform\ortclib-cpp\ortc\idl\wrapper\generated\cppwinrt\RTCRtcpFeedback.h">
      <Filter>wrapper\generated\cppwinrt</Filter>
    </ClInclude>
    <ClInclude Include="..\..\..\..\xplatform\ortclib-cpp\ortc\idl\wrapper\generated\cppwinrt\RTCRtcpParameters.h">
      <Filter>wrapper\generated\cppwinrt</Filter>
    </ClInclude>
    <ClInclude Include="..\..\..\..\xplatform\ortclib-cpp\ortc\idl\wrapper\generated\cppwinrt\RTCRtcpTransport.h">
      <Filter>wrapper\generated\cppwinrt</Filter>
    </ClInclude>
    <ClInclude Include="..\..\..\..\xplatform\ortclib-cpp\ortc\idl\wrapper\generated\cppwinrt\RTCRtpCapabilities.h">
      <Filter>wrapper\generated\cppwinrt</Filter>
    </ClInclude>
    <ClInclude Include="..\..\..\..\xplatform\ortclib-cpp\ortc\idl\wrapper\generated\cppwinrt\RTCRtpCodecCapability.h">
      <Filter>wrapper\generated\cppwinrt</Filter>
    </ClInclude>
    <ClInclude Include="..\..\..\..\xplatform\ortclib-cpp\ortc\idl\wrapper\generated\cppwinrt\RTCRtpCodecCapabilityOptions.h">
      <Filter>wrapper\generated\cppwinrt</Filter>
    </ClInclude>
    <ClInclude Include="..\..\..\..\xplatform\ortclib-cpp\ortc\idl\wrapper\generated\cppwinrt\RTCRtpCodecCapabilityParameters.h">
      <Filter>wrapper\generated\cppwinrt</Filter>
    </ClInclude>
    <ClInclude Include="..\..\..\..\xplatform\ortclib-cpp\ortc\idl\wrapper\generated\cppwinrt\RTCRtpCodecParameters.h">
      <Filter>wrapper\generated\cppwinrt</Filter>
    </ClInclude>
    <ClInclude Include="..\..\..\..\xplatform\ortclib-cpp\ortc\idl\wrapper\generated\cppwinrt\RTCRtpCodecParameterSettings.h">
      <Filter>wrapper\generated\cppwinrt</Filter>
    </ClInclude>
    <ClInclude Include="..\..\..\..\xplatform\ortclib-cpp\ortc\idl\wrapper\generated\cppwinrt\RTCRtpContributingSource.h">
      <Filter>wrapper\generated\cppwinrt</Filter>
    </ClInclude>
    <ClInclude Include="..\..\..\..\xplatform\ortclib-cpp\ortc\idl\wrapper\generated\cppwinrt\RTCRtpEncodingParameters.h">
      <Filter>wrapper\generated\cppwinrt</Filter>
    </ClInclude>
    <ClInclude Include="..\..\..\..\xplatform\ortclib-cpp\ortc\idl\wrapper\generated\cppwinrt\RTCRtpFecParameters.h">
      <Filter>wrapper\generated\cppwinrt</Filter>
    </ClInclude>
    <ClInclude Include="..\..\..\..\xplatform\ortclib-cpp\ortc\idl\wrapper\generated\cppwinrt\RTCRtpFlexFecCodecCapabilityParameters.h">
      <Filter>wrapper\generated\cppwinrt</Filter>
    </ClInclude>
    <ClInclude Include="..\..\..\..\xplatform\ortclib-cpp\ortc\idl\wrapper\generated\cppwinrt\RTCRtpFlexFecCodecParameterSettings.h">
      <Filter>wrapper\generated\cppwinrt</Filter>
    </ClInclude>
    <ClInclude Include="..\..\..\..\xplatform\ortclib-cpp\ortc\idl\wrapper\generated\cppwinrt\RTCRtpH264CodecCapabilityParameters.h">
      <Filter>wrapper\generated\cppwinrt</Filter>
    </ClInclude>
    <ClInclude Include="..\..\..\..\xplatform\ortclib-cpp\ortc\idl\wrapper\generated\cppwinrt\RTCRtpH264CodecParameterSettings.h">
      <Filter>wrapper\generated\cppwinrt</Filter>
    </ClInclude>
    <ClInclude Include="..\..\..\..\xplatform\ortclib-cpp\ortc\idl\wrapper\generated\cppwinrt\RTCRtpHeaderExtension.h">
      <Filter>wrapper\generated\cppwinrt</Filter>
    </ClInclude>
    <ClInclude Include="..\..\..\..\xplatform\ortclib-cpp\ortc\idl\wrapper\generated\cppwinrt\RTCRtpHeaderExtensionParameters.h">
      <Filter>wrapper\generated\cppwinrt</Filter>
    </ClInclude>
    <ClInclude Include="..\..\..\..\xplatform\ortclib-cpp\ortc\idl\wrapper\generated\cppwinrt\RTCRtpListener.h">
      <Filter>wrapper\generated\cppwinrt</Filter>
    </ClInclude>
    <ClInclude Include="..\..\..\..\xplatform\ortclib-cpp\ortc\idl\wrapper\generated\cppwinrt\RTCRtpOpusCodecCapabilityOptions.h">
      <Filter>wrapper\generated\cppwinrt</Filter>
    </ClInclude>
    <ClInclude Include="..\..\..\..\xplatform\ortclib-cpp\ortc\idl\wrapper\generated\cppwinrt\RTCRtpOpusCodecCapabilityParameters.h">
      <Filter>wrapper\generated\cppwinrt</Filter>
    </ClInclude>
    <ClInclude Include="..\..\..\..\xplatform\ortclib-cpp\ortc\idl\wrapper\generated\cppwinrt\RTCRtpOpusCodecParameterSettings.h">
      <Filter>wrapper\generated\cppwinrt</Filter>
    </ClInclude>
    <ClInclude Include="..\..\..\..\xplatform\ortclib-cpp\ortc\idl\wrapper\generated\cppwinrt\RTCRtpParameters.h">
      <Filter>wrapper\generated\cppwinrt</Filter>
    </ClInclude>
    <ClInclude Include="..\..\..\..\xplatform\ortclib-cpp\ortc\idl\wrapper\generated\cppwinrt\RTCRtpReceiver.h">
      <Filter>wrapper\generated\cppwinrt</Filter>
    </ClInclude>
    <ClInclude Include="..\..\..\..\xplatform\ortclib-cpp\ortc\idl\wrapper\generated\cppwinrt\RTCRtpRedCodecParameterSettings.h">
      <Filter>wrapper\generated\cppwinrt</Filter>
    </ClInclude>
    <ClInclude Include="..\..\..\..\xplatform\ortclib-cpp\ortc\idl\wrapper\generated\cppwinrt\RTCRtpRtxCodecCapabilityParameters.h">
      <Filter>wrapper\generated\cppwinrt</Filter>
    </ClInclude>
    <ClInclude Include="..\..\..\..\xplatform\ortclib-cpp\ortc\idl\wrapper\generated\cppwinrt\RTCRtpRtxCodecParameterSettings.h">
      <Filter>wrapper\generated\cppwinrt</Filter>
    </ClInclude>
    <ClInclude Include="..\..\..\..\xplatform\ortclib-cpp\ortc\idl\wrapper\generated\cppwinrt\RTCRtpRtxParameters.h">
      <Filter>wrapper\generated\cppwinrt</Filter>
    </ClInclude>
    <ClInclude Include="..\..\..\..\xplatform\ortclib-cpp\ortc\idl\wrapper\generated\cppwinrt\RTCRtpSender.h">
      <Filter>wrapper\generated\cppwinrt</Filter>
    </ClInclude>
    <ClInclude Include="..\..\..\..\xplatform\ortclib-cpp\ortc\idl\wrapper\generated\cppwinrt\RTCRtpStreamStats.h">
      <Filter>wrapper\generated\cppwinrt</Filter>
    </ClInclude>
    <ClInclude Include="..\..\..\..\xplatform\ortclib-cpp\ortc\idl\wrapper\generated\cppwinrt\RTCRtpTransport.h">
      <Filter>wrapper\generated\cppwinrt</Filter>
    </ClInclude>
    <ClInclude Include="..\..\..\..\xplatform\ortclib-cpp\ortc\idl\wrapper\generated\cppwinrt\RTCRtpUnhandledEvent.h">
      <Filter>wrapper\generated\cppwinrt</Filter>
    </ClInclude>
    <ClInclude Include="..\..\..\..\xplatform\ortclib-cpp\ortc\idl\wrapper\generated\cppwinrt\RTCRtpVp8CodecCapabilityParameters.h">
      <Filter>wrapper\generated\cppwinrt</Filter>
    </ClInclude>
    <ClInclude Include="..\..\..\..\xplatform\ortclib-cpp\ortc\idl\wrapper\generated\cppwinrt\RTCRtpVp8CodecParameterSettings.h">
      <Filter>wrapper\generated\cppwinrt</Filter>
    </ClInclude>
    <ClInclude Include="..\..\..\..\xplatform\ortclib-cpp\ortc\idl\wrapper\generated\cppwinrt\RTCSctpCapabilities.h">
      <Filter>wrapper\generated\cppwinrt</Filter>
    </ClInclude>
    <ClInclude Include="..\..\..\..\xplatform\ortclib-cpp\ortc\idl\wrapper\generated\cppwinrt\RTCSctpTransport.h">
      <Filter>wrapper\generated\cppwinrt</Filter>
    </ClInclude>
    <ClInclude Include="..\..\..\..\xplatform\ortclib-cpp\ortc\idl\wrapper\generated\cppwinrt\RTCSctpTransportListener.h">
      <Filter>wrapper\generated\cppwinrt</Filter>
    </ClInclude>
    <ClInclude Include="..\..\..\..\xplatform\ortclib-cpp\ortc\idl\wrapper\generated\cppwinrt\RTCSctpTransportListenerEvent.h">
      <Filter>wrapper\generated\cppwinrt</Filter>
    </ClInclude>
    <ClInclude Include="..\..\..\..\xplatform\ortclib-cpp\ortc\idl\wrapper\generated\cppwinrt\RTCSctpTransportStateChangeEvent.h">
      <Filter>wrapper\generated\cppwinrt</Filter>
    </ClInclude>
    <ClInclude Include="..\..\..\..\xplatform\ortclib-cpp\ortc\idl\wrapper\generated\cppwinrt\RTCSctpTransportStats.h">
      <Filter>wrapper\generated\cppwinrt</Filter>
    </ClInclude>
    <ClInclude Include="..\..\..\..\xplatform\ortclib-cpp\ortc\idl\wrapper\generated\cppwinrt\RTCSrtpSdesCryptoParameters.h">
      <Filter>wrapper\generated\cppwinrt</Filter>
    </ClInclude>
    <ClInclude Include="..\..\..\..\xplatform\ortclib-cpp\ortc\idl\wrapper\generated\cppwinrt\RTCSrtpSdesKeyParameters.h">
      <Filter>wrapper\generated\cppwinrt</Filter>
    </ClInclude>
    <ClInclude Include="..\..\..\..\xplatform\ortclib-cpp\ortc\idl\wrapper\generated\cppwinrt\RTCSrtpSdesParameters.h">
      <Filter>wrapper\generated\cppwinrt</Filter>
    </ClInclude>
    <ClInclude Include="..\..\..\..\xplatform\ortclib-cpp\ortc\idl\wrapper\generated\cppwinrt\RTCSrtpSdesTransport.h">
      <Filter>wrapper\generated\cppwinrt</Filter>
    </ClInclude>
    <ClInclude Include="..\..\..\..\xplatform\ortclib-cpp\ortc\idl\wrapper\generated\cppwinrt\RTCSrtpSdesTransportLifetimeRemainingEvent.h">
      <Filter>wrapper\generated\cppwinrt</Filter>
    </ClInclude>
    <ClInclude Include="..\..\..\..\xplatform\ortclib-cpp\ortc\idl\wrapper\generated\cppwinrt\RTCSrtpTransportStats.h">
      <Filter>wrapper\generated\cppwinrt</Filter>
    </ClInclude>
    <ClInclude Include="..\..\..\..\xplatform\ortclib-cpp\ortc\idl\wrapper\generated\cppwinrt\RTCSsrcConflictEvent.h">
      <Filter>wrapper\generated\cppwinrt</Filter>
    </ClInclude>
    <ClInclude Include="..\..\..\..\xplatform\ortclib-cpp\ortc\idl\wrapper\generated\cppwinrt\RTCStats.h">
      <Filter>wrapper\generated\cppwinrt</Filter>
    </ClInclude>
    <ClInclude Include="..\..\..\..\xplatform\ortclib-cpp\ortc\idl\wrapper\generated\cppwinrt\RTCStatsProvider.h">
      <Filter>wrapper\generated\cppwinrt</Filter>
    </ClInclude>
    <ClInclude Include="..\..\..\..\xplatform\ortclib-cpp\ortc\idl\wrapper\generated\cppwinrt\RTCStatsReport.h">
      <Filter>wrapper\generated\cppwinrt</Filter>
    </ClInclude>
    <ClInclude Include="..\..\..\..\xplatform\ortclib-cpp\ortc\idl\wrapper\generated\cppwinrt\RTCStatsTypeSet.h">
      <Filter>wrapper\generated\cppwinrt</Filter>
    </ClInclude>
    <ClInclude Include="..\..\..\..\xplatform\ortclib-cpp\ortc\idl\wrapper\generated\cppwinrt\Settings.h">
      <Filter>wrapper\generated\cppwinrt</Filter>
    </ClInclude>
    <ClInclude Include="..\..\..\..\xplatform\ortclib-cpp\ortc\idl\wrapper\generated\cppwinrt\StringOrStringList.h">
      <Filter>wrapper\generated\cppwinrt</Filter>
    </ClInclude>
    <ClInclude Include="..\..\..\..\xplatform\ortclib-cpp\ortc\idl\wrapper\generated\cppwinrt\types.h">
      <Filter>wrapper\generated\cppwinrt</Filter>
    </ClInclude>
    <ClInclude Include="..\..\..\..\xplatform\ortclib-cpp\ortc\idl\wrapper\override\cppwinrt\EventQueue.h">
      <Filter>wrapper\override\cppwinrt</Filter>
    </ClInclude>
    <ClInclude Include="..\..\..\..\xplatform\ortclib-cpp\ortc\idl\wrapper\override\cppwinrt\EventQueueMaker.h">
      <Filter>wrapper\override\cppwinrt</Filter>
    </ClInclude>
    <ClInclude Include="..\..\..\..\xplatform\ortclib-cpp\ortc\idl\wrapper\override\cppwinrt\MediaControl.h">
      <Filter>wrapper\override\cppwinrt</Filter>
    </ClInclude>
    <ClInclude Include="..\..\..\..\xplatform\ortclib-cpp\ortc\idl\wrapper\override\cppwinrt\MediaSource.h">
      <Filter>wrapper\override\cppwinrt</Filter>
    </ClInclude>
  </ItemGroup>
  <ItemGroup>
    <None Include="Org_Ortc.def" />
    <None Include="..\..\..\..\xplatform\ortclib-cpp\ortc\idl\wrapper\generated\msidl\Org.Ortc.EventQueue.idl.template">
      <Filter>wrapper\generated\msidl</Filter>
    </None>
    <None Include="..\..\..\..\xplatform\ortclib-cpp\ortc\idl\wrapper\generated\msidl\Org.Ortc.EventQueueMaker.idl.template">
      <Filter>wrapper\generated\msidl</Filter>
    </None>
    <None Include="..\..\..\..\xplatform\ortclib-cpp\ortc\idl\wrapper\generated\msidl\Org.Ortc.MediaControl.idl.template">
      <Filter>wrapper\generated\msidl</Filter>
    </None>
    <None Include="..\..\..\..\xplatform\ortclib-cpp\ortc\idl\wrapper\generated\msidl\Org.Ortc.MediaSource.idl.template">
      <Filter>wrapper\generated\msidl</Filter>
    </None>
  </ItemGroup>
  <ItemGroup>
    <Text Include="readme.txt" />
  </ItemGroup>
  <ItemGroup>
    <Filter Include="wrapper">
      <UniqueIdentifier>{7936ed80-8ae8-4210-82f6-602662472f8d}</UniqueIdentifier>
    </Filter>
    <Filter Include="wrapper\generated">
      <UniqueIdentifier>{e0733e9a-5b0f-46ba-a27d-452f670ad243}</UniqueIdentifier>
    </Filter>
    <Filter Include="wrapper\override">
      <UniqueIdentifier>{be08cc22-4457-4645-9082-a80bfb065d1a}</UniqueIdentifier>
    </Filter>
    <Filter Include="wrapper\generated\cppwinrt">
      <UniqueIdentifier>{f3b1556a-5f25-4b61-91e5-45fb9f3d8f3d}</UniqueIdentifier>
    </Filter>
    <Filter Include="wrapper\generated\msidl">
      <UniqueIdentifier>{c4ead0c8-8a7f-42fe-8657-7a4a9056077c}</UniqueIdentifier>
    </Filter>
    <Filter Include="wrapper\override\cppwinrt">
      <UniqueIdentifier>{ddeff2f0-5356-4f75-a9b7-1ef5c73e1c29}</UniqueIdentifier>
    </Filter>
    <Filter Include="wrapper\override\msidl">
      <UniqueIdentifier>{85e1f1b3-68a7-4cc9-8691-3a940af1d421}</UniqueIdentifier>
    </Filter>
  </ItemGroup>
  <ItemGroup>
    <Midl Include="..\..\..\..\xplatform\ortclib-cpp\ortc\idl\wrapper\generated\msidl\output.idl">
      <Filter>wrapper\generated\msidl</Filter>
    </Midl>
    <Midl Include="..\..\..\..\xplatform\ortclib-cpp\ortc\idl\wrapper\override\msidl\Org.Ortc.EventQueue.idl">
      <Filter>wrapper\override\msidl</Filter>
    </Midl>
    <Midl Include="..\..\..\..\xplatform\ortclib-cpp\ortc\idl\wrapper\override\msidl\Org.Ortc.EventQueueMaker.idl">
      <Filter>wrapper\override\msidl</Filter>
    </Midl>
    <Midl Include="..\..\..\..\xplatform\ortclib-cpp\ortc\idl\wrapper\override\msidl\Org.Ortc.MediaControl.idl">
      <Filter>wrapper\override\msidl</Filter>
    </Midl>
    <Midl Include="..\..\..\..\xplatform\ortclib-cpp\ortc\idl\wrapper\override\msidl\Org.Ortc.MediaSource.idl">
      <Filter>wrapper\override\msidl</Filter>
    </Midl>
  </ItemGroup>
</Project>